// !$*UTF8*$!
{
	archiveVersion = 1;
	classes = {
	};
	objectVersion = 45;
	objects = {

/* Begin PBXBuildFile section */
		1D3623260D0F684500981E51 /* ShareUrMealAppDelegate.m in Sources */ = {isa = PBXBuildFile; fileRef = 1D3623250D0F684500981E51 /* ShareUrMealAppDelegate.m */; };
		1D60589B0D05DD56006BFB54 /* main.m in Sources */ = {isa = PBXBuildFile; fileRef = 29B97316FDCFA39411CA2CEA /* main.m */; };
		1D60589F0D05DD5A006BFB54 /* Foundation.framework in Frameworks */ = {isa = PBXBuildFile; fileRef = 1D30AB110D05D00D00671497 /* Foundation.framework */; };
		1DF5F4E00D08C38300B7A737 /* UIKit.framework in Frameworks */ = {isa = PBXBuildFile; fileRef = 1DF5F4DF0D08C38300B7A737 /* UIKit.framework */; };
		288765A50DF7441C002DB57D /* CoreGraphics.framework in Frameworks */ = {isa = PBXBuildFile; fileRef = 288765A40DF7441C002DB57D /* CoreGraphics.framework */; };
		28AD733F0D9D9553002E5188 /* MainWindow.xib in Resources */ = {isa = PBXBuildFile; fileRef = 28AD733E0D9D9553002E5188 /* MainWindow.xib */; };
		28C3AD8A0F43EF2300507BA6 /* ShareUrMeal.xcdatamodel in Sources */ = {isa = PBXBuildFile; fileRef = 28C3AD890F43EF2300507BA6 /* ShareUrMeal.xcdatamodel */; };
		28D801B40F44B63D00FB423F /* CoreData.framework in Frameworks */ = {isa = PBXBuildFile; fileRef = 28D801B30F44B63D00FB423F /* CoreData.framework */; };
		2D6EF9701044AD93008BDA65 /* 06-magnifying-glass.png in Resources */ = {isa = PBXBuildFile; fileRef = 2D6EF96F1044AD93008BDA65 /* 06-magnifying-glass.png */; };
		2D6EF9781044AEA9008BDA65 /* AboutViewController.m in Sources */ = {isa = PBXBuildFile; fileRef = 2D6EF9771044AEA9008BDA65 /* AboutViewController.m */; };
		2D6EF97C1044AEC3008BDA65 /* AboutViewController.xib in Resources */ = {isa = PBXBuildFile; fileRef = 2D6EF97B1044AEC3008BDA65 /* AboutViewController.xib */; };
		2D9AC10D101FD53800BD388D /* all.png in Resources */ = {isa = PBXBuildFile; fileRef = 2D9AC10A101FD53800BD388D /* all.png */; };
		2D9AC10E101FD53800BD388D /* faves.png in Resources */ = {isa = PBXBuildFile; fileRef = 2D9AC10B101FD53800BD388D /* faves.png */; };
		2D9AC10F101FD53800BD388D /* search.png in Resources */ = {isa = PBXBuildFile; fileRef = 2D9AC10C101FD53800BD388D /* search.png */; };
		2D9AC112101FD61E00BD388D /* BookmarksViewController.m in Sources */ = {isa = PBXBuildFile; fileRef = 2D9AC111101FD61E00BD388D /* BookmarksViewController.m */; };
		2D9AC115101FD63200BD388D /* RestaurantViewController.m in Sources */ = {isa = PBXBuildFile; fileRef = 2D9AC114101FD63200BD388D /* RestaurantViewController.m */; };
		2D9AC117101FD63D00BD388D /* RestaurantView.xib in Resources */ = {isa = PBXBuildFile; fileRef = 2D9AC116101FD63D00BD388D /* RestaurantView.xib */; };
		2D9AC11C101FD6B400BD388D /* BookmarksViewController.xib in Resources */ = {isa = PBXBuildFile; fileRef = 2D9AC11B101FD6B400BD388D /* BookmarksViewController.xib */; };
		2DC5D777101FDD1A00F3E3B1 /* ShareViewController.m in Sources */ = {isa = PBXBuildFile; fileRef = 2DC5D775101FDD1A00F3E3B1 /* ShareViewController.m */; };
		2DC5D778101FDD1A00F3E3B1 /* ShareViewController.xib in Resources */ = {isa = PBXBuildFile; fileRef = 2DC5D776101FDD1A00F3E3B1 /* ShareViewController.xib */; };
		2DC5D789101FE10C00F3E3B1 /* 44-shoebox.png in Resources */ = {isa = PBXBuildFile; fileRef = 2DC5D787101FE10C00F3E3B1 /* 44-shoebox.png */; };
		2DC5D78A101FE10C00F3E3B1 /* 48-fork-and-knife.png in Resources */ = {isa = PBXBuildFile; fileRef = 2DC5D788101FE10C00F3E3B1 /* 48-fork-and-knife.png */; };
		2DF9C8971044F0BA00A65424 /* Default3.png in Resources */ = {isa = PBXBuildFile; fileRef = 2DF9C8961044F0BA00A65424 /* Default3.png */; };
		2DF9C8A11044F0D300A65424 /* SUMlogofinal.png in Resources */ = {isa = PBXBuildFile; fileRef = 2DF9C8A01044F0D300A65424 /* SUMlogofinal.png */; };
		2DF9C8A31044F0DF00A65424 /* 02-redo.png in Resources */ = {isa = PBXBuildFile; fileRef = 2DF9C8A21044F0DF00A65424 /* 02-redo.png */; };
		B31F0CC710508FB5004A0892 /* about.html in Resources */ = {isa = PBXBuildFile; fileRef = B31F0CC610508FB5004A0892 /* about.html */; };
		B31F0CCF1050916E004A0892 /* iphone_icon1.png in Resources */ = {isa = PBXBuildFile; fileRef = B31F0CCD1050916E004A0892 /* iphone_icon1.png */; };
		B31F0CD01050916E004A0892 /* iphone_icon2.png in Resources */ = {isa = PBXBuildFile; fileRef = B31F0CCE1050916E004A0892 /* iphone_icon2.png */; };
		B3A971591049E71E0074CDD6 /* 54-lock.png in Resources */ = {isa = PBXBuildFile; fileRef = B3A971581049E71E0074CDD6 /* 54-lock.png */; };
		B3A971601049E86E0074CDD6 /* AccountViewController.m in Sources */ = {isa = PBXBuildFile; fileRef = B3A9715E1049E86E0074CDD6 /* AccountViewController.m */; };
		B3A971611049E86E0074CDD6 /* AccountViewController.xib in Resources */ = {isa = PBXBuildFile; fileRef = B3A9715F1049E86E0074CDD6 /* AccountViewController.xib */; };
		B3B5613010290C8E0034F584 /* Credits.rtf in Resources */ = {isa = PBXBuildFile; fileRef = B3B5612310290C8E0034F584 /* Credits.rtf */; };
		B3B5613110290C8E0034F584 /* InfoPlist.strings in Resources */ = {isa = PBXBuildFile; fileRef = B3B5612510290C8E0034F584 /* InfoPlist.strings */; };
		B3B5613210290C8E0034F584 /* MainMenu.xib in Resources */ = {isa = PBXBuildFile; fileRef = B3B5612710290C8E0034F584 /* MainMenu.xib */; };
		B3B5613310290C8E0034F584 /* ShareUrMealDocument.xib in Resources */ = {isa = PBXBuildFile; fileRef = B3B5612910290C8E0034F584 /* ShareUrMealDocument.xib */; };
		B3B5613510290C8E0034F584 /* main.m in Sources */ = {isa = PBXBuildFile; fileRef = B3B5612C10290C8E0034F584 /* main.m */; };
		B3B5613610290C8E0034F584 /* ShareUrMealDocument.m in Sources */ = {isa = PBXBuildFile; fileRef = B3B5612E10290C8E0034F584 /* ShareUrMealDocument.m */; };
		B3B5614510290E0D0034F584 /* ShareUrMeal.xcdatamodel in Sources */ = {isa = PBXBuildFile; fileRef = 28C3AD890F43EF2300507BA6 /* ShareUrMeal.xcdatamodel */; };
		B3B561F510291FE10034F584 /* ShareUrMeal.sqlite in Resources */ = {isa = PBXBuildFile; fileRef = B3B561F410291FE10034F584 /* ShareUrMeal.sqlite */; };
		B3B562621029248E0034F584 /* Area.m in Sources */ = {isa = PBXBuildFile; fileRef = B3B5625B1029248E0034F584 /* Area.m */; };
		B3B562631029248E0034F584 /* Post.m in Sources */ = {isa = PBXBuildFile; fileRef = B3B5625D1029248E0034F584 /* Post.m */; };
		B3B562641029248E0034F584 /* User.m in Sources */ = {isa = PBXBuildFile; fileRef = B3B5625F1029248E0034F584 /* User.m */; };
		B3B562651029248E0034F584 /* Restaurant.m in Sources */ = {isa = PBXBuildFile; fileRef = B3B562611029248E0034F584 /* Restaurant.m */; };
		B3B56268102924E00034F584 /* CoreLocation.framework in Frameworks */ = {isa = PBXBuildFile; fileRef = B3B56267102924E00034F584 /* CoreLocation.framework */; };
		B3B56275102925610034F584 /* MessageUI.framework in Frameworks */ = {isa = PBXBuildFile; fileRef = B3B56274102925610034F584 /* MessageUI.framework */; };
		B3E8FF091049F5AF0054E5E9 /* Localizable.strings in Resources */ = {isa = PBXBuildFile; fileRef = B3E8FF081049F5AF0054E5E9 /* Localizable.strings */; };
		C4CCE4021044B5E70071D26A /* JSONKit.m in Sources */ = {isa = PBXBuildFile; fileRef = C4CCE4011044B5E70071D26A /* JSONKit.m */; };
		C4CCE6861044D0640071D26A /* ASIFormDataRequest.m in Sources */ = {isa = PBXBuildFile; fileRef = C4CCE6821044D0640071D26A /* ASIFormDataRequest.m */; };
		C4CCE6871044D0640071D26A /* ASIHTTPRequest.m in Sources */ = {isa = PBXBuildFile; fileRef = C4CCE6831044D0640071D26A /* ASIHTTPRequest.m */; };
		C4CCE6881044D0640071D26A /* ASINetworkQueue.m in Sources */ = {isa = PBXBuildFile; fileRef = C4CCE6841044D0640071D26A /* ASINetworkQueue.m */; };
		C4CCE6891044D0640071D26A /* ASINSStringAdditions.m in Sources */ = {isa = PBXBuildFile; fileRef = C4CCE6851044D0640071D26A /* ASINSStringAdditions.m */; };
		C4CCE6A91044D0740071D26A /* IFLinkCellController.m in Sources */ = {isa = PBXBuildFile; fileRef = C4CCE68E1044D0740071D26A /* IFLinkCellController.m */; };
		C4CCE6AB1044D0740071D26A /* IFSwitchCellController.m in Sources */ = {isa = PBXBuildFile; fileRef = C4CCE6921044D0740071D26A /* IFSwitchCellController.m */; };
		C4CCE6AC1044D0740071D26A /* IFButtonCellController.m in Sources */ = {isa = PBXBuildFile; fileRef = C4CCE6941044D0740071D26A /* IFButtonCellController.m */; };
		C4CCE6AD1044D0740071D26A /* IFChoiceCellController.m in Sources */ = {isa = PBXBuildFile; fileRef = C4CCE6961044D0740071D26A /* IFChoiceCellController.m */; };
		C4CCE6AE1044D0740071D26A /* IFChoiceTableViewController.m in Sources */ = {isa = PBXBuildFile; fileRef = C4CCE6981044D0740071D26A /* IFChoiceTableViewController.m */; };
		C4CCE6AF1044D0740071D26A /* IFValueCellController.m in Sources */ = {isa = PBXBuildFile; fileRef = C4CCE69A1044D0740071D26A /* IFValueCellController.m */; };
		C4CCE6B01044D0740071D26A /* IFNamedImage.m in Sources */ = {isa = PBXBuildFile; fileRef = C4CCE69C1044D0740071D26A /* IFNamedImage.m */; };
		C4CCE6B11044D0740071D26A /* IFControlTableViewCell.m in Sources */ = {isa = PBXBuildFile; fileRef = C4CCE69E1044D0740071D26A /* IFControlTableViewCell.m */; };
		C4CCE6B21044D0740071D26A /* IFTemporaryModel.m in Sources */ = {isa = PBXBuildFile; fileRef = C4CCE6A21044D0740071D26A /* IFTemporaryModel.m */; };
		C4CCE6B31044D0740071D26A /* IFPreferencesModel.m in Sources */ = {isa = PBXBuildFile; fileRef = C4CCE6A41044D0740071D26A /* IFPreferencesModel.m */; };
		C4CCE6B41044D0740071D26A /* IFGenericTableViewController.m in Sources */ = {isa = PBXBuildFile; fileRef = C4CCE6A61044D0740071D26A /* IFGenericTableViewController.m */; };
		C4CCE6B51044D0740071D26A /* IFTextViewTableView.m in Sources */ = {isa = PBXBuildFile; fileRef = C4CCE6A81044D0740071D26A /* IFTextViewTableView.m */; };
		C4CCE6B91044D09F0071D26A /* SignUpViewController.m in Sources */ = {isa = PBXBuildFile; fileRef = C4CCE6B81044D09F0071D26A /* SignUpViewController.m */; };
		C4CCE6BF1044D0D40071D26A /* CFNetwork.framework in Frameworks */ = {isa = PBXBuildFile; fileRef = C4CCE6BE1044D0D40071D26A /* CFNetwork.framework */; };
		C4CCE6C11044D0DA0071D26A /* libz.1.2.3.dylib in Frameworks */ = {isa = PBXBuildFile; fileRef = C4CCE6C01044D0DA0071D26A /* libz.1.2.3.dylib */; };
		C4D71FEE104F8BCE002F4E70 /* LoginViewController.m in Sources */ = {isa = PBXBuildFile; fileRef = C4D71FED104F8BCE002F4E70 /* LoginViewController.m */; };
		C4D72154105099FD002F4E70 /* LoadingView.m in Sources */ = {isa = PBXBuildFile; fileRef = C4D72153105099FD002F4E70 /* LoadingView.m */; };
		C4D7215C10509B48002F4E70 /* QuartzCore.framework in Frameworks */ = {isa = PBXBuildFile; fileRef = C4D7215B10509B48002F4E70 /* QuartzCore.framework */; };
		C4D722601051B1B1002F4E70 /* IFTextCellController.m in Sources */ = {isa = PBXBuildFile; fileRef = C4D7225F1051B1B1002F4E70 /* IFTextCellController.m */; };
/* End PBXBuildFile section */

/* Begin PBXFileReference section */
		1D30AB110D05D00D00671497 /* Foundation.framework */ = {isa = PBXFileReference; lastKnownFileType = wrapper.framework; name = Foundation.framework; path = System/Library/Frameworks/Foundation.framework; sourceTree = SDKROOT; };
		1D3623240D0F684500981E51 /* ShareUrMealAppDelegate.h */ = {isa = PBXFileReference; fileEncoding = 4; lastKnownFileType = sourcecode.c.h; path = ShareUrMealAppDelegate.h; sourceTree = "<group>"; };
		1D3623250D0F684500981E51 /* ShareUrMealAppDelegate.m */ = {isa = PBXFileReference; fileEncoding = 4; lastKnownFileType = sourcecode.c.objc; path = ShareUrMealAppDelegate.m; sourceTree = "<group>"; };
		1D6058910D05DD3D006BFB54 /* ShareUrMeal.app */ = {isa = PBXFileReference; explicitFileType = wrapper.application; includeInIndex = 0; path = ShareUrMeal.app; sourceTree = BUILT_PRODUCTS_DIR; };
		1DF5F4DF0D08C38300B7A737 /* UIKit.framework */ = {isa = PBXFileReference; lastKnownFileType = wrapper.framework; name = UIKit.framework; path = System/Library/Frameworks/UIKit.framework; sourceTree = SDKROOT; };
		288765A40DF7441C002DB57D /* CoreGraphics.framework */ = {isa = PBXFileReference; lastKnownFileType = wrapper.framework; name = CoreGraphics.framework; path = System/Library/Frameworks/CoreGraphics.framework; sourceTree = SDKROOT; };
		28AD733E0D9D9553002E5188 /* MainWindow.xib */ = {isa = PBXFileReference; lastKnownFileType = file.xib; path = MainWindow.xib; sourceTree = "<group>"; };
		28C3AD890F43EF2300507BA6 /* ShareUrMeal.xcdatamodel */ = {isa = PBXFileReference; fileEncoding = 4; lastKnownFileType = wrapper.xcdatamodel; path = ShareUrMeal.xcdatamodel; sourceTree = "<group>"; };
		28D801B30F44B63D00FB423F /* CoreData.framework */ = {isa = PBXFileReference; lastKnownFileType = wrapper.framework; name = CoreData.framework; path = System/Library/Frameworks/CoreData.framework; sourceTree = SDKROOT; };
		29B97316FDCFA39411CA2CEA /* main.m */ = {isa = PBXFileReference; fileEncoding = 4; lastKnownFileType = sourcecode.c.objc; path = main.m; sourceTree = "<group>"; };
		2D6EF96F1044AD93008BDA65 /* 06-magnifying-glass.png */ = {isa = PBXFileReference; lastKnownFileType = image.png; path = "06-magnifying-glass.png"; sourceTree = "<group>"; };
		2D6EF9761044AEA9008BDA65 /* AboutViewController.h */ = {isa = PBXFileReference; fileEncoding = 30; lastKnownFileType = sourcecode.c.h; path = AboutViewController.h; sourceTree = "<group>"; };
		2D6EF9771044AEA9008BDA65 /* AboutViewController.m */ = {isa = PBXFileReference; fileEncoding = 30; lastKnownFileType = sourcecode.c.objc; path = AboutViewController.m; sourceTree = "<group>"; };
		2D6EF97B1044AEC3008BDA65 /* AboutViewController.xib */ = {isa = PBXFileReference; lastKnownFileType = file.xib; path = AboutViewController.xib; sourceTree = "<group>"; };
		2D9AC10A101FD53800BD388D /* all.png */ = {isa = PBXFileReference; lastKnownFileType = image.png; path = all.png; sourceTree = "<group>"; };
		2D9AC10B101FD53800BD388D /* faves.png */ = {isa = PBXFileReference; lastKnownFileType = image.png; path = faves.png; sourceTree = "<group>"; };
		2D9AC10C101FD53800BD388D /* search.png */ = {isa = PBXFileReference; lastKnownFileType = image.png; path = search.png; sourceTree = "<group>"; };
		2D9AC110101FD61E00BD388D /* BookmarksViewController.h */ = {isa = PBXFileReference; fileEncoding = 30; lastKnownFileType = sourcecode.c.h; path = BookmarksViewController.h; sourceTree = "<group>"; };
		2D9AC111101FD61E00BD388D /* BookmarksViewController.m */ = {isa = PBXFileReference; fileEncoding = 30; lastKnownFileType = sourcecode.c.objc; path = BookmarksViewController.m; sourceTree = "<group>"; };
		2D9AC113101FD63200BD388D /* RestaurantViewController.h */ = {isa = PBXFileReference; fileEncoding = 30; lastKnownFileType = sourcecode.c.h; path = RestaurantViewController.h; sourceTree = "<group>"; };
		2D9AC114101FD63200BD388D /* RestaurantViewController.m */ = {isa = PBXFileReference; fileEncoding = 30; lastKnownFileType = sourcecode.c.objc; path = RestaurantViewController.m; sourceTree = "<group>"; };
		2D9AC116101FD63D00BD388D /* RestaurantView.xib */ = {isa = PBXFileReference; lastKnownFileType = file.xib; name = RestaurantView.xib; path = ../RestaurantView.xib; sourceTree = "<group>"; };
		2D9AC11B101FD6B400BD388D /* BookmarksViewController.xib */ = {isa = PBXFileReference; lastKnownFileType = file.xib; path = BookmarksViewController.xib; sourceTree = "<group>"; };
		2DC5D774101FDD1A00F3E3B1 /* ShareViewController.h */ = {isa = PBXFileReference; fileEncoding = 4; lastKnownFileType = sourcecode.c.h; path = ShareViewController.h; sourceTree = "<group>"; };
		2DC5D775101FDD1A00F3E3B1 /* ShareViewController.m */ = {isa = PBXFileReference; fileEncoding = 4; lastKnownFileType = sourcecode.c.objc; path = ShareViewController.m; sourceTree = "<group>"; };
		2DC5D776101FDD1A00F3E3B1 /* ShareViewController.xib */ = {isa = PBXFileReference; lastKnownFileType = file.xib; path = ShareViewController.xib; sourceTree = "<group>"; };
		2DC5D787101FE10C00F3E3B1 /* 44-shoebox.png */ = {isa = PBXFileReference; lastKnownFileType = image.png; path = "44-shoebox.png"; sourceTree = "<group>"; };
		2DC5D788101FE10C00F3E3B1 /* 48-fork-and-knife.png */ = {isa = PBXFileReference; lastKnownFileType = image.png; path = "48-fork-and-knife.png"; sourceTree = "<group>"; };
		2DF9C8961044F0BA00A65424 /* Default3.png */ = {isa = PBXFileReference; lastKnownFileType = image.png; path = Default3.png; sourceTree = "<group>"; };
		2DF9C8A01044F0D300A65424 /* SUMlogofinal.png */ = {isa = PBXFileReference; lastKnownFileType = image.png; path = SUMlogofinal.png; sourceTree = "<group>"; };
		2DF9C8A21044F0DF00A65424 /* 02-redo.png */ = {isa = PBXFileReference; lastKnownFileType = image.png; path = "02-redo.png"; sourceTree = "<group>"; };
		32CA4F630368D1EE00C91783 /* ShareUrMeal_Prefix.pch */ = {isa = PBXFileReference; fileEncoding = 4; lastKnownFileType = sourcecode.c.h; path = ShareUrMeal_Prefix.pch; sourceTree = "<group>"; };
		8D1107310486CEB800E47090 /* ShareUrMeal-Info.plist */ = {isa = PBXFileReference; fileEncoding = 4; lastKnownFileType = text.plist.xml; path = "ShareUrMeal-Info.plist"; sourceTree = "<group>"; };
		B31F0CC610508FB5004A0892 /* about.html */ = {isa = PBXFileReference; fileEncoding = 4; lastKnownFileType = text.html; path = about.html; sourceTree = "<group>"; };
		B31F0CCD1050916E004A0892 /* iphone_icon1.png */ = {isa = PBXFileReference; lastKnownFileType = image.png; path = iphone_icon1.png; sourceTree = "<group>"; };
		B31F0CCE1050916E004A0892 /* iphone_icon2.png */ = {isa = PBXFileReference; lastKnownFileType = image.png; path = iphone_icon2.png; sourceTree = "<group>"; };
		B3A971581049E71E0074CDD6 /* 54-lock.png */ = {isa = PBXFileReference; lastKnownFileType = image.png; name = "54-lock.png"; path = "iphone-toolbar-icons/icons/54-lock.png"; sourceTree = "<group>"; };
		B3A9715D1049E86E0074CDD6 /* AccountViewController.h */ = {isa = PBXFileReference; fileEncoding = 4; lastKnownFileType = sourcecode.c.h; path = AccountViewController.h; sourceTree = "<group>"; };
		B3A9715E1049E86E0074CDD6 /* AccountViewController.m */ = {isa = PBXFileReference; fileEncoding = 4; lastKnownFileType = sourcecode.c.objc; path = AccountViewController.m; sourceTree = "<group>"; };
		B3A9715F1049E86E0074CDD6 /* AccountViewController.xib */ = {isa = PBXFileReference; lastKnownFileType = file.xib; path = AccountViewController.xib; sourceTree = "<group>"; };
		B3B5610510290B1C0034F584 /* ShareUrMeal DBTool.app */ = {isa = PBXFileReference; explicitFileType = wrapper.application; includeInIndex = 0; path = "ShareUrMeal DBTool.app"; sourceTree = BUILT_PRODUCTS_DIR; };
		B3B5612110290C8E0034F584 /* DBTool_Prefix.pch */ = {isa = PBXFileReference; fileEncoding = 4; lastKnownFileType = sourcecode.c.h; path = DBTool_Prefix.pch; sourceTree = "<group>"; };
		B3B5612410290C8E0034F584 /* English */ = {isa = PBXFileReference; lastKnownFileType = text.rtf; name = English; path = Credits.rtf; sourceTree = "<group>"; };
		B3B5612610290C8E0034F584 /* English */ = {isa = PBXFileReference; fileEncoding = 4; lastKnownFileType = text.plist.strings; name = English; path = InfoPlist.strings; sourceTree = "<group>"; };
		B3B5612810290C8E0034F584 /* English */ = {isa = PBXFileReference; lastKnownFileType = file.xib; name = English; path = MainMenu.xib; sourceTree = "<group>"; };
		B3B5612A10290C8E0034F584 /* English */ = {isa = PBXFileReference; lastKnownFileType = file.xib; name = English; path = ShareUrMealDocument.xib; sourceTree = "<group>"; };
		B3B5612B10290C8E0034F584 /* ShareUrMeal DBTool-Info.plist */ = {isa = PBXFileReference; fileEncoding = 4; lastKnownFileType = text.plist.xml; path = "ShareUrMeal DBTool-Info.plist"; sourceTree = "<group>"; };
		B3B5612C10290C8E0034F584 /* main.m */ = {isa = PBXFileReference; fileEncoding = 4; lastKnownFileType = sourcecode.c.objc; path = main.m; sourceTree = "<group>"; };
		B3B5612D10290C8E0034F584 /* ShareUrMealDocument.h */ = {isa = PBXFileReference; fileEncoding = 4; lastKnownFileType = sourcecode.c.h; path = ShareUrMealDocument.h; sourceTree = "<group>"; };
		B3B5612E10290C8E0034F584 /* ShareUrMealDocument.m */ = {isa = PBXFileReference; fileEncoding = 4; lastKnownFileType = sourcecode.c.objc; path = ShareUrMealDocument.m; sourceTree = "<group>"; };
		B3B5612F10290C8E0034F584 /* version.plist */ = {isa = PBXFileReference; fileEncoding = 4; lastKnownFileType = text.plist.xml; path = version.plist; sourceTree = "<group>"; };
		B3B561F410291FE10034F584 /* ShareUrMeal.sqlite */ = {isa = PBXFileReference; lastKnownFileType = file; path = ShareUrMeal.sqlite; sourceTree = "<group>"; };
		B3B5625A1029248E0034F584 /* Area.h */ = {isa = PBXFileReference; fileEncoding = 4; lastKnownFileType = sourcecode.c.h; name = Area.h; path = Model/Area.h; sourceTree = "<group>"; };
		B3B5625B1029248E0034F584 /* Area.m */ = {isa = PBXFileReference; fileEncoding = 4; lastKnownFileType = sourcecode.c.objc; name = Area.m; path = Model/Area.m; sourceTree = "<group>"; };
		B3B5625C1029248E0034F584 /* Post.h */ = {isa = PBXFileReference; fileEncoding = 4; lastKnownFileType = sourcecode.c.h; name = Post.h; path = Model/Post.h; sourceTree = "<group>"; };
		B3B5625D1029248E0034F584 /* Post.m */ = {isa = PBXFileReference; fileEncoding = 4; lastKnownFileType = sourcecode.c.objc; name = Post.m; path = Model/Post.m; sourceTree = "<group>"; };
		B3B5625E1029248E0034F584 /* User.h */ = {isa = PBXFileReference; fileEncoding = 4; lastKnownFileType = sourcecode.c.h; name = User.h; path = Model/User.h; sourceTree = "<group>"; };
		B3B5625F1029248E0034F584 /* User.m */ = {isa = PBXFileReference; fileEncoding = 4; lastKnownFileType = sourcecode.c.objc; name = User.m; path = Model/User.m; sourceTree = "<group>"; };
		B3B562601029248E0034F584 /* Restaurant.h */ = {isa = PBXFileReference; fileEncoding = 4; lastKnownFileType = sourcecode.c.h; name = Restaurant.h; path = Model/Restaurant.h; sourceTree = "<group>"; };
		B3B562611029248E0034F584 /* Restaurant.m */ = {isa = PBXFileReference; fileEncoding = 4; lastKnownFileType = sourcecode.c.objc; name = Restaurant.m; path = Model/Restaurant.m; sourceTree = "<group>"; };
		B3B56267102924E00034F584 /* CoreLocation.framework */ = {isa = PBXFileReference; lastKnownFileType = wrapper.framework; name = CoreLocation.framework; path = System/Library/Frameworks/CoreLocation.framework; sourceTree = SDKROOT; };
		B3B56274102925610034F584 /* MessageUI.framework */ = {isa = PBXFileReference; lastKnownFileType = wrapper.framework; name = MessageUI.framework; path = System/Library/Frameworks/MessageUI.framework; sourceTree = SDKROOT; };
		B3E8FF051049F5A90054E5E9 /* English */ = {isa = PBXFileReference; fileEncoding = 4; lastKnownFileType = text.plist.strings; name = English; path = English.lproj/Localizable.strings; sourceTree = "<group>"; };
		C4CCE4001044B5E70071D26A /* JSONKit.h */ = {isa = PBXFileReference; fileEncoding = 4; lastKnownFileType = sourcecode.c.h; path = JSONKit.h; sourceTree = "<group>"; };
		C4CCE4011044B5E70071D26A /* JSONKit.m */ = {isa = PBXFileReference; fileEncoding = 4; lastKnownFileType = sourcecode.c.objc; path = JSONKit.m; sourceTree = "<group>"; };
		C4CCE67E1044D0640071D26A /* ASIFormDataRequest.h */ = {isa = PBXFileReference; fileEncoding = 4; lastKnownFileType = sourcecode.c.h; path = ASIFormDataRequest.h; sourceTree = "<group>"; };
		C4CCE67F1044D0640071D26A /* ASIHTTPRequest.h */ = {isa = PBXFileReference; fileEncoding = 4; lastKnownFileType = sourcecode.c.h; path = ASIHTTPRequest.h; sourceTree = "<group>"; };
		C4CCE6801044D0640071D26A /* ASINetworkQueue.h */ = {isa = PBXFileReference; fileEncoding = 4; lastKnownFileType = sourcecode.c.h; path = ASINetworkQueue.h; sourceTree = "<group>"; };
		C4CCE6811044D0640071D26A /* ASINSStringAdditions.h */ = {isa = PBXFileReference; fileEncoding = 4; lastKnownFileType = sourcecode.c.h; path = ASINSStringAdditions.h; sourceTree = "<group>"; };
		C4CCE6821044D0640071D26A /* ASIFormDataRequest.m */ = {isa = PBXFileReference; fileEncoding = 4; lastKnownFileType = sourcecode.c.objc; path = ASIFormDataRequest.m; sourceTree = "<group>"; };
		C4CCE6831044D0640071D26A /* ASIHTTPRequest.m */ = {isa = PBXFileReference; fileEncoding = 4; lastKnownFileType = sourcecode.c.objc; path = ASIHTTPRequest.m; sourceTree = "<group>"; };
		C4CCE6841044D0640071D26A /* ASINetworkQueue.m */ = {isa = PBXFileReference; fileEncoding = 4; lastKnownFileType = sourcecode.c.objc; path = ASINetworkQueue.m; sourceTree = "<group>"; };
		C4CCE6851044D0640071D26A /* ASINSStringAdditions.m */ = {isa = PBXFileReference; fileEncoding = 4; lastKnownFileType = sourcecode.c.objc; path = ASINSStringAdditions.m; sourceTree = "<group>"; };
		C4CCE68C1044D0740071D26A /* IFCellController.h */ = {isa = PBXFileReference; fileEncoding = 4; lastKnownFileType = sourcecode.c.h; path = IFCellController.h; sourceTree = "<group>"; };
		C4CCE68D1044D0740071D26A /* IFLinkCellController.h */ = {isa = PBXFileReference; fileEncoding = 4; lastKnownFileType = sourcecode.c.h; path = IFLinkCellController.h; sourceTree = "<group>"; };
		C4CCE68E1044D0740071D26A /* IFLinkCellController.m */ = {isa = PBXFileReference; fileEncoding = 4; lastKnownFileType = sourcecode.c.objc; path = IFLinkCellController.m; sourceTree = "<group>"; };
		C4CCE6911044D0740071D26A /* IFSwitchCellController.h */ = {isa = PBXFileReference; fileEncoding = 4; lastKnownFileType = sourcecode.c.h; path = IFSwitchCellController.h; sourceTree = "<group>"; };
		C4CCE6921044D0740071D26A /* IFSwitchCellController.m */ = {isa = PBXFileReference; fileEncoding = 4; lastKnownFileType = sourcecode.c.objc; path = IFSwitchCellController.m; sourceTree = "<group>"; };
		C4CCE6931044D0740071D26A /* IFButtonCellController.h */ = {isa = PBXFileReference; fileEncoding = 4; lastKnownFileType = sourcecode.c.h; path = IFButtonCellController.h; sourceTree = "<group>"; };
		C4CCE6941044D0740071D26A /* IFButtonCellController.m */ = {isa = PBXFileReference; fileEncoding = 4; lastKnownFileType = sourcecode.c.objc; path = IFButtonCellController.m; sourceTree = "<group>"; };
		C4CCE6951044D0740071D26A /* IFChoiceCellController.h */ = {isa = PBXFileReference; fileEncoding = 4; lastKnownFileType = sourcecode.c.h; path = IFChoiceCellController.h; sourceTree = "<group>"; };
		C4CCE6961044D0740071D26A /* IFChoiceCellController.m */ = {isa = PBXFileReference; fileEncoding = 4; lastKnownFileType = sourcecode.c.objc; path = IFChoiceCellController.m; sourceTree = "<group>"; };
		C4CCE6971044D0740071D26A /* IFChoiceTableViewController.h */ = {isa = PBXFileReference; fileEncoding = 4; lastKnownFileType = sourcecode.c.h; path = IFChoiceTableViewController.h; sourceTree = "<group>"; };
		C4CCE6981044D0740071D26A /* IFChoiceTableViewController.m */ = {isa = PBXFileReference; fileEncoding = 4; lastKnownFileType = sourcecode.c.objc; path = IFChoiceTableViewController.m; sourceTree = "<group>"; };
		C4CCE6991044D0740071D26A /* IFValueCellController.h */ = {isa = PBXFileReference; fileEncoding = 4; lastKnownFileType = sourcecode.c.h; path = IFValueCellController.h; sourceTree = "<group>"; };
		C4CCE69A1044D0740071D26A /* IFValueCellController.m */ = {isa = PBXFileReference; fileEncoding = 4; lastKnownFileType = sourcecode.c.objc; path = IFValueCellController.m; sourceTree = "<group>"; };
		C4CCE69B1044D0740071D26A /* IFNamedImage.h */ = {isa = PBXFileReference; fileEncoding = 4; lastKnownFileType = sourcecode.c.h; path = IFNamedImage.h; sourceTree = "<group>"; };
		C4CCE69C1044D0740071D26A /* IFNamedImage.m */ = {isa = PBXFileReference; fileEncoding = 4; lastKnownFileType = sourcecode.c.objc; path = IFNamedImage.m; sourceTree = "<group>"; };
		C4CCE69D1044D0740071D26A /* IFControlTableViewCell.h */ = {isa = PBXFileReference; fileEncoding = 4; lastKnownFileType = sourcecode.c.h; path = IFControlTableViewCell.h; sourceTree = "<group>"; };
		C4CCE69E1044D0740071D26A /* IFControlTableViewCell.m */ = {isa = PBXFileReference; fileEncoding = 4; lastKnownFileType = sourcecode.c.objc; path = IFControlTableViewCell.m; sourceTree = "<group>"; };
		C4CCE6A01044D0740071D26A /* IFCellModel.h */ = {isa = PBXFileReference; fileEncoding = 4; lastKnownFileType = sourcecode.c.h; path = IFCellModel.h; sourceTree = "<group>"; };
		C4CCE6A11044D0740071D26A /* IFTemporaryModel.h */ = {isa = PBXFileReference; fileEncoding = 4; lastKnownFileType = sourcecode.c.h; path = IFTemporaryModel.h; sourceTree = "<group>"; };
		C4CCE6A21044D0740071D26A /* IFTemporaryModel.m */ = {isa = PBXFileReference; fileEncoding = 4; lastKnownFileType = sourcecode.c.objc; path = IFTemporaryModel.m; sourceTree = "<group>"; };
		C4CCE6A31044D0740071D26A /* IFPreferencesModel.h */ = {isa = PBXFileReference; fileEncoding = 4; lastKnownFileType = sourcecode.c.h; path = IFPreferencesModel.h; sourceTree = "<group>"; };
		C4CCE6A41044D0740071D26A /* IFPreferencesModel.m */ = {isa = PBXFileReference; fileEncoding = 4; lastKnownFileType = sourcecode.c.objc; path = IFPreferencesModel.m; sourceTree = "<group>"; };
		C4CCE6A51044D0740071D26A /* IFGenericTableViewController.h */ = {isa = PBXFileReference; fileEncoding = 4; lastKnownFileType = sourcecode.c.h; path = IFGenericTableViewController.h; sourceTree = "<group>"; };
		C4CCE6A61044D0740071D26A /* IFGenericTableViewController.m */ = {isa = PBXFileReference; fileEncoding = 4; lastKnownFileType = sourcecode.c.objc; path = IFGenericTableViewController.m; sourceTree = "<group>"; };
		C4CCE6A71044D0740071D26A /* IFTextViewTableView.h */ = {isa = PBXFileReference; fileEncoding = 4; lastKnownFileType = sourcecode.c.h; path = IFTextViewTableView.h; sourceTree = "<group>"; };
		C4CCE6A81044D0740071D26A /* IFTextViewTableView.m */ = {isa = PBXFileReference; fileEncoding = 4; lastKnownFileType = sourcecode.c.objc; path = IFTextViewTableView.m; sourceTree = "<group>"; };
		C4CCE6B71044D09F0071D26A /* SignUpViewController.h */ = {isa = PBXFileReference; fileEncoding = 4; lastKnownFileType = sourcecode.c.h; path = SignUpViewController.h; sourceTree = "<group>"; };
		C4CCE6B81044D09F0071D26A /* SignUpViewController.m */ = {isa = PBXFileReference; fileEncoding = 4; lastKnownFileType = sourcecode.c.objc; path = SignUpViewController.m; sourceTree = "<group>"; };
		C4CCE6BE1044D0D40071D26A /* CFNetwork.framework */ = {isa = PBXFileReference; lastKnownFileType = wrapper.framework; name = CFNetwork.framework; path = System/Library/Frameworks/CFNetwork.framework; sourceTree = SDKROOT; };
		C4CCE6C01044D0DA0071D26A /* libz.1.2.3.dylib */ = {isa = PBXFileReference; lastKnownFileType = "compiled.mach-o.dylib"; name = libz.1.2.3.dylib; path = usr/lib/libz.1.2.3.dylib; sourceTree = SDKROOT; };
		C4D71FEC104F8BC0002F4E70 /* LoginViewController.h */ = {isa = PBXFileReference; fileEncoding = 4; lastKnownFileType = sourcecode.c.h; path = LoginViewController.h; sourceTree = "<group>"; };
		C4D71FED104F8BCE002F4E70 /* LoginViewController.m */ = {isa = PBXFileReference; fileEncoding = 4; lastKnownFileType = sourcecode.c.objc; path = LoginViewController.m; sourceTree = "<group>"; };
		C4D72152105099FD002F4E70 /* LoadingView.h */ = {isa = PBXFileReference; fileEncoding = 4; lastKnownFileType = sourcecode.c.h; path = LoadingView.h; sourceTree = "<group>"; };
		C4D72153105099FD002F4E70 /* LoadingView.m */ = {isa = PBXFileReference; fileEncoding = 4; lastKnownFileType = sourcecode.c.objc; path = LoadingView.m; sourceTree = "<group>"; };
		C4D7215B10509B48002F4E70 /* QuartzCore.framework */ = {isa = PBXFileReference; lastKnownFileType = wrapper.framework; name = QuartzCore.framework; path = System/Library/Frameworks/QuartzCore.framework; sourceTree = SDKROOT; };
		C4D7225E1051B1B1002F4E70 /* IFTextCellController.h */ = {isa = PBXFileReference; fileEncoding = 4; lastKnownFileType = sourcecode.c.h; path = IFTextCellController.h; sourceTree = "<group>"; };
		C4D7225F1051B1B1002F4E70 /* IFTextCellController.m */ = {isa = PBXFileReference; fileEncoding = 4; lastKnownFileType = sourcecode.c.objc; path = IFTextCellController.m; sourceTree = "<group>"; };
/* End PBXFileReference section */

/* Begin PBXFrameworksBuildPhase section */
		1D60588F0D05DD3D006BFB54 /* Frameworks */ = {
			isa = PBXFrameworksBuildPhase;
			buildActionMask = 2147483647;
			files = (
				1D60589F0D05DD5A006BFB54 /* Foundation.framework in Frameworks */,
				1DF5F4E00D08C38300B7A737 /* UIKit.framework in Frameworks */,
				288765A50DF7441C002DB57D /* CoreGraphics.framework in Frameworks */,
				28D801B40F44B63D00FB423F /* CoreData.framework in Frameworks */,
				B3B56268102924E00034F584 /* CoreLocation.framework in Frameworks */,
				B3B56275102925610034F584 /* MessageUI.framework in Frameworks */,
				C4CCE6BF1044D0D40071D26A /* CFNetwork.framework in Frameworks */,
				C4CCE6C11044D0DA0071D26A /* libz.1.2.3.dylib in Frameworks */,
				C4D7215C10509B48002F4E70 /* QuartzCore.framework in Frameworks */,
			);
			runOnlyForDeploymentPostprocessing = 0;
		};
		B3B5610310290B1C0034F584 /* Frameworks */ = {
			isa = PBXFrameworksBuildPhase;
			buildActionMask = 2147483647;
			files = (
			);
			runOnlyForDeploymentPostprocessing = 0;
		};
/* End PBXFrameworksBuildPhase section */

/* Begin PBXGroup section */
		080E96DDFE201D6D7F000001 /* Classes */ = {
			isa = PBXGroup;
			children = (
				C4D72151105099E8002F4E70 /* Loading View */,
				B3B56249102923810034F584 /* Model */,
				C4CCE3FF1044B5D00071D26A /* JSON */,
				C4CCE67D1044D0460071D26A /* ASI HTTP */,
				C4CCE68A1044D0740071D26A /* Generic Table Views */,
				2D6EF9761044AEA9008BDA65 /* AboutViewController.h */,
				2D6EF9771044AEA9008BDA65 /* AboutViewController.m */,
				2D6EF97B1044AEC3008BDA65 /* AboutViewController.xib */,
				2DC5D774101FDD1A00F3E3B1 /* ShareViewController.h */,
				2DC5D775101FDD1A00F3E3B1 /* ShareViewController.m */,
				2DC5D776101FDD1A00F3E3B1 /* ShareViewController.xib */,
				1D3623240D0F684500981E51 /* ShareUrMealAppDelegate.h */,
				1D3623250D0F684500981E51 /* ShareUrMealAppDelegate.m */,
				2D9AC11B101FD6B400BD388D /* BookmarksViewController.xib */,
				2D9AC110101FD61E00BD388D /* BookmarksViewController.h */,
				2D9AC111101FD61E00BD388D /* BookmarksViewController.m */,
				2D9AC113101FD63200BD388D /* RestaurantViewController.h */,
				2D9AC114101FD63200BD388D /* RestaurantViewController.m */,
				2D9AC116101FD63D00BD388D /* RestaurantView.xib */,
				C4CCE6B71044D09F0071D26A /* SignUpViewController.h */,
				C4CCE6B81044D09F0071D26A /* SignUpViewController.m */,
				B3A9715D1049E86E0074CDD6 /* AccountViewController.h */,
				B3A9715E1049E86E0074CDD6 /* AccountViewController.m */,
				B3A9715F1049E86E0074CDD6 /* AccountViewController.xib */,
				C4D71FEC104F8BC0002F4E70 /* LoginViewController.h */,
				C4D71FED104F8BCE002F4E70 /* LoginViewController.m */,
			);
			path = Classes;
			sourceTree = "<group>";
		};
		19C28FACFE9D520D11CA2CBB /* Products */ = {
			isa = PBXGroup;
			children = (
				1D6058910D05DD3D006BFB54 /* ShareUrMeal.app */,
				B3B5610510290B1C0034F584 /* ShareUrMeal DBTool.app */,
			);
			name = Products;
			sourceTree = "<group>";
		};
		29B97314FDCFA39411CA2CEA /* CustomTemplate */ = {
			isa = PBXGroup;
			children = (
				080E96DDFE201D6D7F000001 /* Classes */,
				B3B5612010290C5C0034F584 /* DBTool */,
				29B97315FDCFA39411CA2CEA /* Other Sources */,
				29B97317FDCFA39411CA2CEA /* Resources */,
				29B97323FDCFA39411CA2CEA /* Frameworks */,
				19C28FACFE9D520D11CA2CBB /* Products */,
			);
			name = CustomTemplate;
			sourceTree = "<group>";
		};
		29B97315FDCFA39411CA2CEA /* Other Sources */ = {
			isa = PBXGroup;
			children = (
				32CA4F630368D1EE00C91783 /* ShareUrMeal_Prefix.pch */,
				29B97316FDCFA39411CA2CEA /* main.m */,
			);
			name = "Other Sources";
			sourceTree = "<group>";
		};
		29B97317FDCFA39411CA2CEA /* Resources */ = {
			isa = PBXGroup;
			children = (
				B31F0CCD1050916E004A0892 /* iphone_icon1.png */,
				B31F0CCE1050916E004A0892 /* iphone_icon2.png */,
				B31F0CC610508FB5004A0892 /* about.html */,
				B3B561F410291FE10034F584 /* ShareUrMeal.sqlite */,
				2DC5D787101FE10C00F3E3B1 /* 44-shoebox.png */,
				2DC5D788101FE10C00F3E3B1 /* 48-fork-and-knife.png */,
				B3A971581049E71E0074CDD6 /* 54-lock.png */,
				2D6EF96F1044AD93008BDA65 /* 06-magnifying-glass.png */,
				2DF9C8961044F0BA00A65424 /* Default3.png */,
				2DF9C8A21044F0DF00A65424 /* 02-redo.png */,
				2DF9C8A01044F0D300A65424 /* SUMlogofinal.png */,
				28C3AD890F43EF2300507BA6 /* ShareUrMeal.xcdatamodel */,
				28AD733E0D9D9553002E5188 /* MainWindow.xib */,
				8D1107310486CEB800E47090 /* ShareUrMeal-Info.plist */,
				2D9AC10A101FD53800BD388D /* all.png */,
				2D9AC10B101FD53800BD388D /* faves.png */,
				2D9AC10C101FD53800BD388D /* search.png */,
				B3E8FF081049F5AF0054E5E9 /* Localizable.strings */,
			);
			name = Resources;
			sourceTree = "<group>";
		};
		29B97323FDCFA39411CA2CEA /* Frameworks */ = {
			isa = PBXGroup;
			children = (
				C4CCE6BE1044D0D40071D26A /* CFNetwork.framework */,
				C4CCE6C01044D0DA0071D26A /* libz.1.2.3.dylib */,
				C4D7215B10509B48002F4E70 /* QuartzCore.framework */,
				B3B56274102925610034F584 /* MessageUI.framework */,
				1DF5F4DF0D08C38300B7A737 /* UIKit.framework */,
				1D30AB110D05D00D00671497 /* Foundation.framework */,
				288765A40DF7441C002DB57D /* CoreGraphics.framework */,
				28D801B30F44B63D00FB423F /* CoreData.framework */,
				B3B56267102924E00034F584 /* CoreLocation.framework */,
			);
			name = Frameworks;
			sourceTree = "<group>";
		};
		B3B5612010290C5C0034F584 /* DBTool */ = {
			isa = PBXGroup;
			children = (
				B3B5612110290C8E0034F584 /* DBTool_Prefix.pch */,
				B3B5612310290C8E0034F584 /* Credits.rtf */,
				B3B5612510290C8E0034F584 /* InfoPlist.strings */,
				B3B5612710290C8E0034F584 /* MainMenu.xib */,
				B3B5612910290C8E0034F584 /* ShareUrMealDocument.xib */,
				B3B5612B10290C8E0034F584 /* ShareUrMeal DBTool-Info.plist */,
				B3B5612C10290C8E0034F584 /* main.m */,
				B3B5612D10290C8E0034F584 /* ShareUrMealDocument.h */,
				B3B5612E10290C8E0034F584 /* ShareUrMealDocument.m */,
				B3B5612F10290C8E0034F584 /* version.plist */,
			);
			path = DBTool;
			sourceTree = "<group>";
		};
		B3B56249102923810034F584 /* Model */ = {
			isa = PBXGroup;
			children = (
				B3B5625A1029248E0034F584 /* Area.h */,
				B3B5625B1029248E0034F584 /* Area.m */,
				B3B5625C1029248E0034F584 /* Post.h */,
				B3B5625D1029248E0034F584 /* Post.m */,
				B3B5625E1029248E0034F584 /* User.h */,
				B3B5625F1029248E0034F584 /* User.m */,
				B3B562601029248E0034F584 /* Restaurant.h */,
				B3B562611029248E0034F584 /* Restaurant.m */,
			);
			name = Model;
			sourceTree = "<group>";
		};
		C4CCE3FF1044B5D00071D26A /* JSON */ = {
			isa = PBXGroup;
			children = (
				C4CCE4001044B5E70071D26A /* JSONKit.h */,
				C4CCE4011044B5E70071D26A /* JSONKit.m */,
			);
			name = JSON;
			sourceTree = "<group>";
		};
		C4CCE67D1044D0460071D26A /* ASI HTTP */ = {
			isa = PBXGroup;
			children = (
				C4CCE67E1044D0640071D26A /* ASIFormDataRequest.h */,
				C4CCE67F1044D0640071D26A /* ASIHTTPRequest.h */,
				C4CCE6801044D0640071D26A /* ASINetworkQueue.h */,
				C4CCE6811044D0640071D26A /* ASINSStringAdditions.h */,
				C4CCE6821044D0640071D26A /* ASIFormDataRequest.m */,
				C4CCE6831044D0640071D26A /* ASIHTTPRequest.m */,
				C4CCE6841044D0640071D26A /* ASINetworkQueue.m */,
				C4CCE6851044D0640071D26A /* ASINSStringAdditions.m */,
			);
			name = "ASI HTTP";
			sourceTree = "<group>";
		};
		C4CCE68A1044D0740071D26A /* Generic Table Views */ = {
			isa = PBXGroup;
			children = (
				C4CCE6A51044D0740071D26A /* IFGenericTableViewController.h */,
				C4CCE6A61044D0740071D26A /* IFGenericTableViewController.m */,
				C4CCE6A71044D0740071D26A /* IFTextViewTableView.h */,
				C4CCE6A81044D0740071D26A /* IFTextViewTableView.m */,
				C4CCE69F1044D0740071D26A /* Models */,
				C4CCE68B1044D0740071D26A /* Cell Controllers */,
			);
			name = "Generic Table Views";
			sourceTree = "<group>";
		};
		C4CCE68B1044D0740071D26A /* Cell Controllers */ = {
			isa = PBXGroup;
			children = (
				C4CCE68C1044D0740071D26A /* IFCellController.h */,
				C4CCE68D1044D0740071D26A /* IFLinkCellController.h */,
				C4CCE68E1044D0740071D26A /* IFLinkCellController.m */,
				C4D7225E1051B1B1002F4E70 /* IFTextCellController.h */,
				C4D7225F1051B1B1002F4E70 /* IFTextCellController.m */,
				C4CCE6911044D0740071D26A /* IFSwitchCellController.h */,
				C4CCE6921044D0740071D26A /* IFSwitchCellController.m */,
				C4CCE6931044D0740071D26A /* IFButtonCellController.h */,
				C4CCE6941044D0740071D26A /* IFButtonCellController.m */,
				C4CCE6951044D0740071D26A /* IFChoiceCellController.h */,
				C4CCE6961044D0740071D26A /* IFChoiceCellController.m */,
				C4CCE6971044D0740071D26A /* IFChoiceTableViewController.h */,
				C4CCE6981044D0740071D26A /* IFChoiceTableViewController.m */,
				C4CCE6991044D0740071D26A /* IFValueCellController.h */,
				C4CCE69A1044D0740071D26A /* IFValueCellController.m */,
				C4CCE69B1044D0740071D26A /* IFNamedImage.h */,
				C4CCE69C1044D0740071D26A /* IFNamedImage.m */,
				C4CCE69D1044D0740071D26A /* IFControlTableViewCell.h */,
				C4CCE69E1044D0740071D26A /* IFControlTableViewCell.m */,
			);
			name = "Cell Controllers";
			sourceTree = "<group>";
		};
		C4CCE69F1044D0740071D26A /* Models */ = {
			isa = PBXGroup;
			children = (
				C4CCE6A01044D0740071D26A /* IFCellModel.h */,
				C4CCE6A11044D0740071D26A /* IFTemporaryModel.h */,
				C4CCE6A21044D0740071D26A /* IFTemporaryModel.m */,
				C4CCE6A31044D0740071D26A /* IFPreferencesModel.h */,
				C4CCE6A41044D0740071D26A /* IFPreferencesModel.m */,
			);
			name = Models;
			sourceTree = "<group>";
		};
		C4D72151105099E8002F4E70 /* Loading View */ = {
			isa = PBXGroup;
			children = (
				C4D72152105099FD002F4E70 /* LoadingView.h */,
				C4D72153105099FD002F4E70 /* LoadingView.m */,
			);
			name = "Loading View";
			sourceTree = "<group>";
		};
/* End PBXGroup section */

/* Begin PBXNativeTarget section */
		1D6058900D05DD3D006BFB54 /* ShareUrMeal */ = {
			isa = PBXNativeTarget;
			buildConfigurationList = 1D6058960D05DD3E006BFB54 /* Build configuration list for PBXNativeTarget "ShareUrMeal" */;
			buildPhases = (
				1D60588D0D05DD3D006BFB54 /* Resources */,
				1D60588E0D05DD3D006BFB54 /* Sources */,
				1D60588F0D05DD3D006BFB54 /* Frameworks */,
			);
			buildRules = (
			);
			dependencies = (
			);
			name = ShareUrMeal;
			productName = ShareUrMeal;
			productReference = 1D6058910D05DD3D006BFB54 /* ShareUrMeal.app */;
			productType = "com.apple.product-type.application";
		};
		B3B5610410290B1C0034F584 /* ShareUrMeal DBTool */ = {
			isa = PBXNativeTarget;
			buildConfigurationList = B3B5610A10290B1E0034F584 /* Build configuration list for PBXNativeTarget "ShareUrMeal DBTool" */;
			buildPhases = (
				B3B5610110290B1C0034F584 /* Resources */,
				B3B5610210290B1C0034F584 /* Sources */,
				B3B5610310290B1C0034F584 /* Frameworks */,
			);
			buildRules = (
			);
			dependencies = (
			);
			name = "ShareUrMeal DBTool";
			productName = "ShareUrMeal DBTool";
			productReference = B3B5610510290B1C0034F584 /* ShareUrMeal DBTool.app */;
			productType = "com.apple.product-type.application";
		};
/* End PBXNativeTarget section */

/* Begin PBXProject section */
		29B97313FDCFA39411CA2CEA /* Project object */ = {
			isa = PBXProject;
			buildConfigurationList = C01FCF4E08A954540054247B /* Build configuration list for PBXProject "ShareUrMeal" */;
			compatibilityVersion = "Xcode 3.1";
			hasScannedForEncodings = 1;
			mainGroup = 29B97314FDCFA39411CA2CEA /* CustomTemplate */;
			projectDirPath = "";
			projectRoot = "";
			targets = (
				1D6058900D05DD3D006BFB54 /* ShareUrMeal */,
				B3B5610410290B1C0034F584 /* ShareUrMeal DBTool */,
			);
		};
/* End PBXProject section */

/* Begin PBXResourcesBuildPhase section */
		1D60588D0D05DD3D006BFB54 /* Resources */ = {
			isa = PBXResourcesBuildPhase;
			buildActionMask = 2147483647;
			files = (
				28AD733F0D9D9553002E5188 /* MainWindow.xib in Resources */,
				2D9AC10D101FD53800BD388D /* all.png in Resources */,
				2D9AC10E101FD53800BD388D /* faves.png in Resources */,
				2D9AC10F101FD53800BD388D /* search.png in Resources */,
				2D9AC117101FD63D00BD388D /* RestaurantView.xib in Resources */,
				2D9AC11C101FD6B400BD388D /* BookmarksViewController.xib in Resources */,
				2DC5D778101FDD1A00F3E3B1 /* ShareViewController.xib in Resources */,
				2DC5D789101FE10C00F3E3B1 /* 44-shoebox.png in Resources */,
				2DC5D78A101FE10C00F3E3B1 /* 48-fork-and-knife.png in Resources */,
				B3B561F510291FE10034F584 /* ShareUrMeal.sqlite in Resources */,
				2D6EF9701044AD93008BDA65 /* 06-magnifying-glass.png in Resources */,
				2D6EF97C1044AEC3008BDA65 /* AboutViewController.xib in Resources */,
				2DF9C8971044F0BA00A65424 /* Default3.png in Resources */,
				2DF9C8A11044F0D300A65424 /* SUMlogofinal.png in Resources */,
				2DF9C8A31044F0DF00A65424 /* 02-redo.png in Resources */,
				B3A971591049E71E0074CDD6 /* 54-lock.png in Resources */,
				B3A971611049E86E0074CDD6 /* AccountViewController.xib in Resources */,
				B3E8FF091049F5AF0054E5E9 /* Localizable.strings in Resources */,
				B31F0CC710508FB5004A0892 /* about.html in Resources */,
				B31F0CCF1050916E004A0892 /* iphone_icon1.png in Resources */,
				B31F0CD01050916E004A0892 /* iphone_icon2.png in Resources */,
			);
			runOnlyForDeploymentPostprocessing = 0;
		};
		B3B5610110290B1C0034F584 /* Resources */ = {
			isa = PBXResourcesBuildPhase;
			buildActionMask = 2147483647;
			files = (
				B3B5613010290C8E0034F584 /* Credits.rtf in Resources */,
				B3B5613110290C8E0034F584 /* InfoPlist.strings in Resources */,
				B3B5613210290C8E0034F584 /* MainMenu.xib in Resources */,
				B3B5613310290C8E0034F584 /* ShareUrMealDocument.xib in Resources */,
			);
			runOnlyForDeploymentPostprocessing = 0;
		};
/* End PBXResourcesBuildPhase section */

/* Begin PBXSourcesBuildPhase section */
		1D60588E0D05DD3D006BFB54 /* Sources */ = {
			isa = PBXSourcesBuildPhase;
			buildActionMask = 2147483647;
			files = (
				1D60589B0D05DD56006BFB54 /* main.m in Sources */,
				1D3623260D0F684500981E51 /* ShareUrMealAppDelegate.m in Sources */,
				28C3AD8A0F43EF2300507BA6 /* ShareUrMeal.xcdatamodel in Sources */,
				2D9AC112101FD61E00BD388D /* BookmarksViewController.m in Sources */,
				2D9AC115101FD63200BD388D /* RestaurantViewController.m in Sources */,
				2DC5D777101FDD1A00F3E3B1 /* ShareViewController.m in Sources */,
				B3B562621029248E0034F584 /* Area.m in Sources */,
				B3B562631029248E0034F584 /* Post.m in Sources */,
				B3B562641029248E0034F584 /* User.m in Sources */,
				B3B562651029248E0034F584 /* Restaurant.m in Sources */,
				2D6EF9781044AEA9008BDA65 /* AboutViewController.m in Sources */,
				C4CCE4021044B5E70071D26A /* JSONKit.m in Sources */,
				C4CCE6861044D0640071D26A /* ASIFormDataRequest.m in Sources */,
				C4CCE6871044D0640071D26A /* ASIHTTPRequest.m in Sources */,
				C4CCE6881044D0640071D26A /* ASINetworkQueue.m in Sources */,
				C4CCE6891044D0640071D26A /* ASINSStringAdditions.m in Sources */,
				C4CCE6A91044D0740071D26A /* IFLinkCellController.m in Sources */,
				C4CCE6AB1044D0740071D26A /* IFSwitchCellController.m in Sources */,
				C4CCE6AC1044D0740071D26A /* IFButtonCellController.m in Sources */,
				C4CCE6AD1044D0740071D26A /* IFChoiceCellController.m in Sources */,
				C4CCE6AE1044D0740071D26A /* IFChoiceTableViewController.m in Sources */,
				C4CCE6AF1044D0740071D26A /* IFValueCellController.m in Sources */,
				C4CCE6B01044D0740071D26A /* IFNamedImage.m in Sources */,
				C4CCE6B11044D0740071D26A /* IFControlTableViewCell.m in Sources */,
				C4CCE6B21044D0740071D26A /* IFTemporaryModel.m in Sources */,
				C4CCE6B31044D0740071D26A /* IFPreferencesModel.m in Sources */,
				C4CCE6B41044D0740071D26A /* IFGenericTableViewController.m in Sources */,
				C4CCE6B51044D0740071D26A /* IFTextViewTableView.m in Sources */,
				C4CCE6B91044D09F0071D26A /* SignUpViewController.m in Sources */,
				B3A971601049E86E0074CDD6 /* AccountViewController.m in Sources */,
				C4D71FEE104F8BCE002F4E70 /* LoginViewController.m in Sources */,
				C4D72154105099FD002F4E70 /* LoadingView.m in Sources */,
				C4D722601051B1B1002F4E70 /* IFTextCellController.m in Sources */,
			);
			runOnlyForDeploymentPostprocessing = 0;
		};
		B3B5610210290B1C0034F584 /* Sources */ = {
			isa = PBXSourcesBuildPhase;
			buildActionMask = 2147483647;
			files = (
				B3B5614510290E0D0034F584 /* ShareUrMeal.xcdatamodel in Sources */,
				B3B5613510290C8E0034F584 /* main.m in Sources */,
				B3B5613610290C8E0034F584 /* ShareUrMealDocument.m in Sources */,
			);
			runOnlyForDeploymentPostprocessing = 0;
		};
/* End PBXSourcesBuildPhase section */

/* Begin PBXVariantGroup section */
		B3B5612310290C8E0034F584 /* Credits.rtf */ = {
			isa = PBXVariantGroup;
			children = (
				B3B5612410290C8E0034F584 /* English */,
			);
			name = Credits.rtf;
			path = English.lproj;
			sourceTree = "<group>";
		};
		B3B5612510290C8E0034F584 /* InfoPlist.strings */ = {
			isa = PBXVariantGroup;
			children = (
				B3B5612610290C8E0034F584 /* English */,
			);
			name = InfoPlist.strings;
			path = English.lproj;
			sourceTree = "<group>";
		};
		B3B5612710290C8E0034F584 /* MainMenu.xib */ = {
			isa = PBXVariantGroup;
			children = (
				B3B5612810290C8E0034F584 /* English */,
			);
			name = MainMenu.xib;
			path = English.lproj;
			sourceTree = "<group>";
		};
		B3B5612910290C8E0034F584 /* ShareUrMealDocument.xib */ = {
			isa = PBXVariantGroup;
			children = (
				B3B5612A10290C8E0034F584 /* English */,
			);
			name = ShareUrMealDocument.xib;
			path = English.lproj;
			sourceTree = "<group>";
		};
		B3E8FF081049F5AF0054E5E9 /* Localizable.strings */ = {
			isa = PBXVariantGroup;
			children = (
				B3E8FF051049F5A90054E5E9 /* English */,
			);
			name = Localizable.strings;
			sourceTree = "<group>";
		};
/* End PBXVariantGroup section */

/* Begin XCBuildConfiguration section */
		1D6058940D05DD3E006BFB54 /* Debug */ = {
			isa = XCBuildConfiguration;
			buildSettings = {
				ALWAYS_SEARCH_USER_PATHS = NO;
				COPY_PHASE_STRIP = NO;
				CURRENT_PROJECT_VERSION = 6;
				FRAMEWORK_SEARCH_PATHS = (
					"$(inherited)",
					"\"/Volumes/Skiiing2/CD/ViewBased/Unknown Path/System/Library/Frameworks\"",
				);
				GCC_DYNAMIC_NO_PIC = NO;
				GCC_OPTIMIZATION_LEVEL = 0;
				GCC_PRECOMPILE_PREFIX_HEADER = YES;
				GCC_PREFIX_HEADER = ShareUrMeal_Prefix.pch;
				GCC_PREPROCESSOR_DEFINITIONS = DEBUG;
				INFOPLIST_FILE = "ShareUrMeal-Info.plist";
				PRODUCT_NAME = ShareUrMeal;
			};
			name = Debug;
		};
		1D6058950D05DD3E006BFB54 /* Release */ = {
			isa = XCBuildConfiguration;
			buildSettings = {
				ALWAYS_SEARCH_USER_PATHS = NO;
				COPY_PHASE_STRIP = YES;
				CURRENT_PROJECT_VERSION = 6;
				FRAMEWORK_SEARCH_PATHS = (
					"$(inherited)",
					"\"/Volumes/Skiiing2/CD/ViewBased/Unknown Path/System/Library/Frameworks\"",
				);
				GCC_PRECOMPILE_PREFIX_HEADER = YES;
				GCC_PREFIX_HEADER = ShareUrMeal_Prefix.pch;
				INFOPLIST_FILE = "ShareUrMeal-Info.plist";
				PRODUCT_NAME = ShareUrMeal;
			};
			name = Release;
		};
		B3B5610810290B1D0034F584 /* Debug */ = {
			isa = XCBuildConfiguration;
			buildSettings = {
				ALWAYS_SEARCH_USER_PATHS = NO;
				COPY_PHASE_STRIP = NO;
				GCC_DYNAMIC_NO_PIC = NO;
				GCC_ENABLE_FIX_AND_CONTINUE = YES;
				GCC_MODEL_TUNING = G5;
				GCC_OPTIMIZATION_LEVEL = 0;
				GCC_PRECOMPILE_PREFIX_HEADER = YES;
				GCC_PREFIX_HEADER = DBTool/DBTool_Prefix.pch;
				INFOPLIST_FILE = "DBTool/ShareUrMeal DBTool-Info.plist";
				INSTALL_PATH = "$(HOME)/Applications";
				OTHER_LDFLAGS = (
					"-framework",
					Foundation,
					"-framework",
					AppKit,
				);
				PREBINDING = NO;
				PRODUCT_NAME = "ShareUrMeal DBTool";
				SDKROOT = macosx10.5;
			};
			name = Debug;
		};
		B3B5610910290B1D0034F584 /* Release */ = {
			isa = XCBuildConfiguration;
			buildSettings = {
				ALWAYS_SEARCH_USER_PATHS = NO;
				COPY_PHASE_STRIP = YES;
				DEBUG_INFORMATION_FORMAT = "dwarf-with-dsym";
				GCC_ENABLE_FIX_AND_CONTINUE = NO;
				GCC_MODEL_TUNING = G5;
				GCC_PRECOMPILE_PREFIX_HEADER = YES;
				GCC_PREFIX_HEADER = DBTool/DBTool_Prefix.pch;
				INFOPLIST_FILE = "DBTool/ShareUrMeal DBTool-Info.plist";
				INSTALL_PATH = "$(HOME)/Applications";
				OTHER_LDFLAGS = (
					"-framework",
					Foundation,
					"-framework",
					AppKit,
				);
				PREBINDING = NO;
				PRODUCT_NAME = "ShareUrMeal DBTool";
				ZERO_LINK = NO;
			};
			name = Release;
		};
		C01FCF4F08A954540054247B /* Debug */ = {
			isa = XCBuildConfiguration;
			buildSettings = {
				ARCHS = "$(ARCHS_STANDARD_32_BIT)";
				"CODE_SIGN_IDENTITY[sdk=iphoneos*]" = "iPhone Developer";
				GCC_C_LANGUAGE_STANDARD = c99;
				GCC_WARN_ABOUT_RETURN_TYPE = YES;
				GCC_WARN_UNUSED_VARIABLE = YES;
				PREBINDING = NO;
				SDKROOT = iphoneos3.0;
			};
			name = Debug;
		};
		C01FCF5008A954540054247B /* Release */ = {
			isa = XCBuildConfiguration;
			buildSettings = {
				ARCHS = "$(ARCHS_STANDARD_32_BIT)";
				"CODE_SIGN_IDENTITY[sdk=iphoneos*]" = "iPhone Developer";
				GCC_C_LANGUAGE_STANDARD = c99;
				GCC_WARN_ABOUT_RETURN_TYPE = YES;
				GCC_WARN_UNUSED_VARIABLE = YES;
				PREBINDING = NO;
				SDKROOT = iphoneos3.0;
			};
			name = Release;
		};
/* End XCBuildConfiguration section */

/* Begin XCConfigurationList section */
		1D6058960D05DD3E006BFB54 /* Build configuration list for PBXNativeTarget "ShareUrMeal" */ = {
			isa = XCConfigurationList;
			buildConfigurations = (
				1D6058940D05DD3E006BFB54 /* Debug */,
				1D6058950D05DD3E006BFB54 /* Release */,
			);
			defaultConfigurationIsVisible = 0;
			defaultConfigurationName = Release;
		};
		B3B5610A10290B1E0034F584 /* Build configuration list for PBXNativeTarget "ShareUrMeal DBTool" */ = {
			isa = XCConfigurationList;
			buildConfigurations = (
				B3B5610810290B1D0034F584 /* Debug */,
				B3B5610910290B1D0034F584 /* Release */,
			);
			defaultConfigurationIsVisible = 0;
			defaultConfigurationName = Release;
		};
		C01FCF4E08A954540054247B /* Build configuration list for PBXProject "ShareUrMeal" */ = {
			isa = XCConfigurationList;
			buildConfigurations = (
				C01FCF4F08A954540054247B /* Debug */,
				C01FCF5008A954540054247B /* Release */,
			);
			defaultConfigurationIsVisible = 0;
			defaultConfigurationName = Release;
		};
/* End XCConfigurationList section */
	};
	rootObject = 29B97313FDCFA39411CA2CEA /* Project object */;
}
