// !$*UTF8*$!
{
	archiveVersion = 1;
	classes = {
	};
	objectVersion = 45;
	objects = {

/* Begin PBXBuildFile section */
		1D3623260D0F684500981E51 /* ShareUrMealAppDelegate.m in Sources */ = {isa = PBXBuildFile; fileRef = 1D3623250D0F684500981E51 /* ShareUrMealAppDelegate.m */; };
		1D60589B0D05DD56006BFB54 /* main.m in Sources */ = {isa = PBXBuildFile; fileRef = 29B97316FDCFA39411CA2CEA /* main.m */; };
		1D60589F0D05DD5A006BFB54 /* Foundation.framework in Frameworks */ = {isa = PBXBuildFile; fileRef = 1D30AB110D05D00D00671497 /* Foundation.framework */; };
		1DF5F4E00D08C38300B7A737 /* UIKit.framework in Frameworks */ = {isa = PBXBuildFile; fileRef = 1DF5F4DF0D08C38300B7A737 /* UIKit.framework */; };
		288765A50DF7441C002DB57D /* CoreGraphics.framework in Frameworks */ = {isa = PBXBuildFile; fileRef = 288765A40DF7441C002DB57D /* CoreGraphics.framework */; };
		28AD733F0D9D9553002E5188 /* MainWindow.xib in Resources */ = {isa = PBXBuildFile; fileRef = 28AD733E0D9D9553002E5188 /* MainWindow.xib */; };
		28C3AD8A0F43EF2300507BA6 /* ShareUrMeal.xcdatamodel in Sources */ = {isa = PBXBuildFile; fileRef = 28C3AD890F43EF2300507BA6 /* ShareUrMeal.xcdatamodel */; };
		28D801B40F44B63D00FB423F /* CoreData.framework in Frameworks */ = {isa = PBXBuildFile; fileRef = 28D801B30F44B63D00FB423F /* CoreData.framework */; };
		2D0790A81044C95B0078096C /* Default3.png in Resources */ = {isa = PBXBuildFile; fileRef = 2D0790A71044C95B0078096C /* Default3.png */; };
		2D6EF9701044AD93008BDA65 /* 06-magnifying-glass.png in Resources */ = {isa = PBXBuildFile; fileRef = 2D6EF96F1044AD93008BDA65 /* 06-magnifying-glass.png */; };
		2D6EF9781044AEA9008BDA65 /* AboutViewController.m in Sources */ = {isa = PBXBuildFile; fileRef = 2D6EF9771044AEA9008BDA65 /* AboutViewController.m */; };
		2D6EF97C1044AEC3008BDA65 /* AboutViewController.xib in Resources */ = {isa = PBXBuildFile; fileRef = 2D6EF97B1044AEC3008BDA65 /* AboutViewController.xib */; };
		2D6EF9C71044B3B6008BDA65 /* SUMlogofinal.png in Resources */ = {isa = PBXBuildFile; fileRef = 2D6EF9C61044B3B6008BDA65 /* SUMlogofinal.png */; };
		2D9AC10D101FD53800BD388D /* all.png in Resources */ = {isa = PBXBuildFile; fileRef = 2D9AC10A101FD53800BD388D /* all.png */; };
		2D9AC10E101FD53800BD388D /* faves.png in Resources */ = {isa = PBXBuildFile; fileRef = 2D9AC10B101FD53800BD388D /* faves.png */; };
		2D9AC10F101FD53800BD388D /* search.png in Resources */ = {isa = PBXBuildFile; fileRef = 2D9AC10C101FD53800BD388D /* search.png */; };
		2D9AC112101FD61E00BD388D /* BookmarksViewController.m in Sources */ = {isa = PBXBuildFile; fileRef = 2D9AC111101FD61E00BD388D /* BookmarksViewController.m */; };
		2D9AC115101FD63200BD388D /* RestaurantViewController.m in Sources */ = {isa = PBXBuildFile; fileRef = 2D9AC114101FD63200BD388D /* RestaurantViewController.m */; };
		2D9AC117101FD63D00BD388D /* RestaurantView.xib in Resources */ = {isa = PBXBuildFile; fileRef = 2D9AC116101FD63D00BD388D /* RestaurantView.xib */; };
		2D9AC11C101FD6B400BD388D /* BookmarksViewController.xib in Resources */ = {isa = PBXBuildFile; fileRef = 2D9AC11B101FD6B400BD388D /* BookmarksViewController.xib */; };
		2DB5E4E11044BA8F00A31E0C /* 02-redo.png in Resources */ = {isa = PBXBuildFile; fileRef = 2DB5E4E01044BA8F00A31E0C /* 02-redo.png */; };
		2DC5D777101FDD1A00F3E3B1 /* ShareViewController.m in Sources */ = {isa = PBXBuildFile; fileRef = 2DC5D775101FDD1A00F3E3B1 /* ShareViewController.m */; };
		2DC5D778101FDD1A00F3E3B1 /* ShareViewController.xib in Resources */ = {isa = PBXBuildFile; fileRef = 2DC5D776101FDD1A00F3E3B1 /* ShareViewController.xib */; };
		2DC5D789101FE10C00F3E3B1 /* 44-shoebox.png in Resources */ = {isa = PBXBuildFile; fileRef = 2DC5D787101FE10C00F3E3B1 /* 44-shoebox.png */; };
		2DC5D78A101FE10C00F3E3B1 /* 48-fork-and-knife.png in Resources */ = {isa = PBXBuildFile; fileRef = 2DC5D788101FE10C00F3E3B1 /* 48-fork-and-knife.png */; };
		B3B5613010290C8E0034F584 /* Credits.rtf in Resources */ = {isa = PBXBuildFile; fileRef = B3B5612310290C8E0034F584 /* Credits.rtf */; };
		B3B5613110290C8E0034F584 /* InfoPlist.strings in Resources */ = {isa = PBXBuildFile; fileRef = B3B5612510290C8E0034F584 /* InfoPlist.strings */; };
		B3B5613210290C8E0034F584 /* MainMenu.xib in Resources */ = {isa = PBXBuildFile; fileRef = B3B5612710290C8E0034F584 /* MainMenu.xib */; };
		B3B5613310290C8E0034F584 /* ShareUrMealDocument.xib in Resources */ = {isa = PBXBuildFile; fileRef = B3B5612910290C8E0034F584 /* ShareUrMealDocument.xib */; };
		B3B5613510290C8E0034F584 /* main.m in Sources */ = {isa = PBXBuildFile; fileRef = B3B5612C10290C8E0034F584 /* main.m */; };
		B3B5613610290C8E0034F584 /* ShareUrMealDocument.m in Sources */ = {isa = PBXBuildFile; fileRef = B3B5612E10290C8E0034F584 /* ShareUrMealDocument.m */; };
		B3B5614510290E0D0034F584 /* ShareUrMeal.xcdatamodel in Sources */ = {isa = PBXBuildFile; fileRef = 28C3AD890F43EF2300507BA6 /* ShareUrMeal.xcdatamodel */; };
		B3B561F510291FE10034F584 /* ShareUrMeal.sqlite in Resources */ = {isa = PBXBuildFile; fileRef = B3B561F410291FE10034F584 /* ShareUrMeal.sqlite */; };
		B3B562621029248E0034F584 /* Area.m in Sources */ = {isa = PBXBuildFile; fileRef = B3B5625B1029248E0034F584 /* Area.m */; };
		B3B562631029248E0034F584 /* Post.m in Sources */ = {isa = PBXBuildFile; fileRef = B3B5625D1029248E0034F584 /* Post.m */; };
		B3B562641029248E0034F584 /* User.m in Sources */ = {isa = PBXBuildFile; fileRef = B3B5625F1029248E0034F584 /* User.m */; };
		B3B562651029248E0034F584 /* Restaurant.m in Sources */ = {isa = PBXBuildFile; fileRef = B3B562611029248E0034F584 /* Restaurant.m */; };
		B3B56268102924E00034F584 /* CoreLocation.framework in Frameworks */ = {isa = PBXBuildFile; fileRef = B3B56267102924E00034F584 /* CoreLocation.framework */; };
		B3B56275102925610034F584 /* MessageUI.framework in Frameworks */ = {isa = PBXBuildFile; fileRef = B3B56274102925610034F584 /* MessageUI.framework */; };
		B3C21DF01044BDA900362094 /* about.html in Resources */ = {isa = PBXBuildFile; fileRef = B3C21DEF1044BDA900362094 /* about.html */; };
/* End PBXBuildFile section */

/* Begin PBXFileReference section */
		1D30AB110D05D00D00671497 /* Foundation.framework */ = {isa = PBXFileReference; lastKnownFileType = wrapper.framework; name = Foundation.framework; path = System/Library/Frameworks/Foundation.framework; sourceTree = SDKROOT; };
		1D3623240D0F684500981E51 /* ShareUrMealAppDelegate.h */ = {isa = PBXFileReference; fileEncoding = 4; lastKnownFileType = sourcecode.c.h; path = ShareUrMealAppDelegate.h; sourceTree = "<group>"; };
		1D3623250D0F684500981E51 /* ShareUrMealAppDelegate.m */ = {isa = PBXFileReference; fileEncoding = 4; lastKnownFileType = sourcecode.c.objc; path = ShareUrMealAppDelegate.m; sourceTree = "<group>"; };
		1D6058910D05DD3D006BFB54 /* ShareUrMeal.app */ = {isa = PBXFileReference; explicitFileType = wrapper.application; includeInIndex = 0; path = ShareUrMeal.app; sourceTree = BUILT_PRODUCTS_DIR; };
		1DF5F4DF0D08C38300B7A737 /* UIKit.framework */ = {isa = PBXFileReference; lastKnownFileType = wrapper.framework; name = UIKit.framework; path = System/Library/Frameworks/UIKit.framework; sourceTree = SDKROOT; };
		288765A40DF7441C002DB57D /* CoreGraphics.framework */ = {isa = PBXFileReference; lastKnownFileType = wrapper.framework; name = CoreGraphics.framework; path = System/Library/Frameworks/CoreGraphics.framework; sourceTree = SDKROOT; };
		28AD733E0D9D9553002E5188 /* MainWindow.xib */ = {isa = PBXFileReference; lastKnownFileType = file.xib; path = MainWindow.xib; sourceTree = "<group>"; };
		28C3AD890F43EF2300507BA6 /* ShareUrMeal.xcdatamodel */ = {isa = PBXFileReference; fileEncoding = 4; lastKnownFileType = wrapper.xcdatamodel; path = ShareUrMeal.xcdatamodel; sourceTree = "<group>"; };
		28D801B30F44B63D00FB423F /* CoreData.framework */ = {isa = PBXFileReference; lastKnownFileType = wrapper.framework; name = CoreData.framework; path = System/Library/Frameworks/CoreData.framework; sourceTree = SDKROOT; };
		29B97316FDCFA39411CA2CEA /* main.m */ = {isa = PBXFileReference; fileEncoding = 4; lastKnownFileType = sourcecode.c.objc; path = main.m; sourceTree = "<group>"; };
		2D0790A71044C95B0078096C /* Default3.png */ = {isa = PBXFileReference; lastKnownFileType = image.png; path = Default3.png; sourceTree = "<group>"; };
		2D6EF96F1044AD93008BDA65 /* 06-magnifying-glass.png */ = {isa = PBXFileReference; lastKnownFileType = image.png; path = "06-magnifying-glass.png"; sourceTree = "<group>"; };
		2D6EF9761044AEA9008BDA65 /* AboutViewController.h */ = {isa = PBXFileReference; fileEncoding = 30; lastKnownFileType = sourcecode.c.h; path = AboutViewController.h; sourceTree = "<group>"; };
		2D6EF9771044AEA9008BDA65 /* AboutViewController.m */ = {isa = PBXFileReference; fileEncoding = 30; lastKnownFileType = sourcecode.c.objc; path = AboutViewController.m; sourceTree = "<group>"; };
		2D6EF97B1044AEC3008BDA65 /* AboutViewController.xib */ = {isa = PBXFileReference; lastKnownFileType = file.xib; path = AboutViewController.xib; sourceTree = "<group>"; };
		2D6EF9C61044B3B6008BDA65 /* SUMlogofinal.png */ = {isa = PBXFileReference; lastKnownFileType = image.png; path = SUMlogofinal.png; sourceTree = "<group>"; };
		2D9AC10A101FD53800BD388D /* all.png */ = {isa = PBXFileReference; lastKnownFileType = image.png; path = all.png; sourceTree = "<group>"; };
		2D9AC10B101FD53800BD388D /* faves.png */ = {isa = PBXFileReference; lastKnownFileType = image.png; path = faves.png; sourceTree = "<group>"; };
		2D9AC10C101FD53800BD388D /* search.png */ = {isa = PBXFileReference; lastKnownFileType = image.png; path = search.png; sourceTree = "<group>"; };
		2D9AC110101FD61E00BD388D /* BookmarksViewController.h */ = {isa = PBXFileReference; fileEncoding = 30; lastKnownFileType = sourcecode.c.h; path = BookmarksViewController.h; sourceTree = "<group>"; };
		2D9AC111101FD61E00BD388D /* BookmarksViewController.m */ = {isa = PBXFileReference; fileEncoding = 30; lastKnownFileType = sourcecode.c.objc; path = BookmarksViewController.m; sourceTree = "<group>"; };
		2D9AC113101FD63200BD388D /* RestaurantViewController.h */ = {isa = PBXFileReference; fileEncoding = 30; lastKnownFileType = sourcecode.c.h; path = RestaurantViewController.h; sourceTree = "<group>"; };
		2D9AC114101FD63200BD388D /* RestaurantViewController.m */ = {isa = PBXFileReference; fileEncoding = 30; lastKnownFileType = sourcecode.c.objc; path = RestaurantViewController.m; sourceTree = "<group>"; };
		2D9AC116101FD63D00BD388D /* RestaurantView.xib */ = {isa = PBXFileReference; lastKnownFileType = file.xib; name = RestaurantView.xib; path = ../RestaurantView.xib; sourceTree = "<group>"; };
		2D9AC11B101FD6B400BD388D /* BookmarksViewController.xib */ = {isa = PBXFileReference; lastKnownFileType = file.xib; path = BookmarksViewController.xib; sourceTree = "<group>"; };
		2DB5E4E01044BA8F00A31E0C /* 02-redo.png */ = {isa = PBXFileReference; lastKnownFileType = image.png; path = "02-redo.png"; sourceTree = "<group>"; };
		2DC5D774101FDD1A00F3E3B1 /* ShareViewController.h */ = {isa = PBXFileReference; fileEncoding = 4; lastKnownFileType = sourcecode.c.h; path = ShareViewController.h; sourceTree = "<group>"; };
		2DC5D775101FDD1A00F3E3B1 /* ShareViewController.m */ = {isa = PBXFileReference; fileEncoding = 4; lastKnownFileType = sourcecode.c.objc; path = ShareViewController.m; sourceTree = "<group>"; };
		2DC5D776101FDD1A00F3E3B1 /* ShareViewController.xib */ = {isa = PBXFileReference; lastKnownFileType = file.xib; path = ShareViewController.xib; sourceTree = "<group>"; };
		2DC5D787101FE10C00F3E3B1 /* 44-shoebox.png */ = {isa = PBXFileReference; lastKnownFileType = image.png; path = "44-shoebox.png"; sourceTree = "<group>"; };
		2DC5D788101FE10C00F3E3B1 /* 48-fork-and-knife.png */ = {isa = PBXFileReference; lastKnownFileType = image.png; path = "48-fork-and-knife.png"; sourceTree = "<group>"; };
		32CA4F630368D1EE00C91783 /* ShareUrMeal_Prefix.pch */ = {isa = PBXFileReference; fileEncoding = 4; lastKnownFileType = sourcecode.c.h; path = ShareUrMeal_Prefix.pch; sourceTree = "<group>"; };
		8D1107310486CEB800E47090 /* ShareUrMeal-Info.plist */ = {isa = PBXFileReference; fileEncoding = 4; lastKnownFileType = text.plist.xml; path = "ShareUrMeal-Info.plist"; sourceTree = "<group>"; };
		B3B5610510290B1C0034F584 /* ShareUrMeal DBTool.app */ = {isa = PBXFileReference; explicitFileType = wrapper.application; includeInIndex = 0; path = "ShareUrMeal DBTool.app"; sourceTree = BUILT_PRODUCTS_DIR; };
		B3B5612110290C8E0034F584 /* DBTool_Prefix.pch */ = {isa = PBXFileReference; fileEncoding = 4; lastKnownFileType = sourcecode.c.h; path = DBTool_Prefix.pch; sourceTree = "<group>"; };
		B3B5612410290C8E0034F584 /* English */ = {isa = PBXFileReference; lastKnownFileType = text.rtf; name = English; path = Credits.rtf; sourceTree = "<group>"; };
		B3B5612610290C8E0034F584 /* English */ = {isa = PBXFileReference; fileEncoding = 4; lastKnownFileType = text.plist.strings; name = English; path = InfoPlist.strings; sourceTree = "<group>"; };
		B3B5612810290C8E0034F584 /* English */ = {isa = PBXFileReference; lastKnownFileType = file.xib; name = English; path = MainMenu.xib; sourceTree = "<group>"; };
		B3B5612A10290C8E0034F584 /* English */ = {isa = PBXFileReference; lastKnownFileType = file.xib; name = English; path = ShareUrMealDocument.xib; sourceTree = "<group>"; };
		B3B5612B10290C8E0034F584 /* ShareUrMeal DBTool-Info.plist */ = {isa = PBXFileReference; fileEncoding = 4; lastKnownFileType = text.plist.xml; path = "ShareUrMeal DBTool-Info.plist"; sourceTree = "<group>"; };
		B3B5612C10290C8E0034F584 /* main.m */ = {isa = PBXFileReference; fileEncoding = 4; lastKnownFileType = sourcecode.c.objc; path = main.m; sourceTree = "<group>"; };
		B3B5612D10290C8E0034F584 /* ShareUrMealDocument.h */ = {isa = PBXFileReference; fileEncoding = 4; lastKnownFileType = sourcecode.c.h; path = ShareUrMealDocument.h; sourceTree = "<group>"; };
		B3B5612E10290C8E0034F584 /* ShareUrMealDocument.m */ = {isa = PBXFileReference; fileEncoding = 4; lastKnownFileType = sourcecode.c.objc; path = ShareUrMealDocument.m; sourceTree = "<group>"; };
		B3B5612F10290C8E0034F584 /* version.plist */ = {isa = PBXFileReference; fileEncoding = 4; lastKnownFileType = text.plist.xml; path = version.plist; sourceTree = "<group>"; };
		B3B561F410291FE10034F584 /* ShareUrMeal.sqlite */ = {isa = PBXFileReference; lastKnownFileType = file; path = ShareUrMeal.sqlite; sourceTree = "<group>"; };
		B3B5625A1029248E0034F584 /* Area.h */ = {isa = PBXFileReference; fileEncoding = 4; lastKnownFileType = sourcecode.c.h; name = Area.h; path = Model/Area.h; sourceTree = "<group>"; };
		B3B5625B1029248E0034F584 /* Area.m */ = {isa = PBXFileReference; fileEncoding = 4; lastKnownFileType = sourcecode.c.objc; name = Area.m; path = Model/Area.m; sourceTree = "<group>"; };
		B3B5625C1029248E0034F584 /* Post.h */ = {isa = PBXFileReference; fileEncoding = 4; lastKnownFileType = sourcecode.c.h; name = Post.h; path = Model/Post.h; sourceTree = "<group>"; };
		B3B5625D1029248E0034F584 /* Post.m */ = {isa = PBXFileReference; fileEncoding = 4; lastKnownFileType = sourcecode.c.objc; name = Post.m; path = Model/Post.m; sourceTree = "<group>"; };
		B3B5625E1029248E0034F584 /* User.h */ = {isa = PBXFileReference; fileEncoding = 4; lastKnownFileType = sourcecode.c.h; name = User.h; path = Model/User.h; sourceTree = "<group>"; };
		B3B5625F1029248E0034F584 /* User.m */ = {isa = PBXFileReference; fileEncoding = 4; lastKnownFileType = sourcecode.c.objc; name = User.m; path = Model/User.m; sourceTree = "<group>"; };
		B3B562601029248E0034F584 /* Restaurant.h */ = {isa = PBXFileReference; fileEncoding = 4; lastKnownFileType = sourcecode.c.h; name = Restaurant.h; path = Model/Restaurant.h; sourceTree = "<group>"; };
		B3B562611029248E0034F584 /* Restaurant.m */ = {isa = PBXFileReference; fileEncoding = 4; lastKnownFileType = sourcecode.c.objc; name = Restaurant.m; path = Model/Restaurant.m; sourceTree = "<group>"; };
		B3B56267102924E00034F584 /* CoreLocation.framework */ = {isa = PBXFileReference; lastKnownFileType = wrapper.framework; name = CoreLocation.framework; path = System/Library/Frameworks/CoreLocation.framework; sourceTree = SDKROOT; };
		B3B56274102925610034F584 /* MessageUI.framework */ = {isa = PBXFileReference; lastKnownFileType = wrapper.framework; name = MessageUI.framework; path = System/Library/Frameworks/MessageUI.framework; sourceTree = SDKROOT; };
		B3C21DEF1044BDA900362094 /* about.html */ = {isa = PBXFileReference; fileEncoding = 4; lastKnownFileType = text.html; path = about.html; sourceTree = "<group>"; };
/* End PBXFileReference section */

/* Begin PBXFrameworksBuildPhase section */
		1D60588F0D05DD3D006BFB54 /* Frameworks */ = {
			isa = PBXFrameworksBuildPhase;
			buildActionMask = 2147483647;
			files = (
				1D60589F0D05DD5A006BFB54 /* Foundation.framework in Frameworks */,
				1DF5F4E00D08C38300B7A737 /* UIKit.framework in Frameworks */,
				288765A50DF7441C002DB57D /* CoreGraphics.framework in Frameworks */,
				28D801B40F44B63D00FB423F /* CoreData.framework in Frameworks */,
				B3B56268102924E00034F584 /* CoreLocation.framework in Frameworks */,
				B3B56275102925610034F584 /* MessageUI.framework in Frameworks */,
			);
			runOnlyForDeploymentPostprocessing = 0;
		};
		B3B5610310290B1C0034F584 /* Frameworks */ = {
			isa = PBXFrameworksBuildPhase;
			buildActionMask = 2147483647;
			files = (
			);
			runOnlyForDeploymentPostprocessing = 0;
		};
/* End PBXFrameworksBuildPhase section */

/* Begin PBXGroup section */
		080E96DDFE201D6D7F000001 /* Classes */ = {
			isa = PBXGroup;
			children = (
				B3B56249102923810034F584 /* Model */,
				2D6EF9761044AEA9008BDA65 /* AboutViewController.h */,
				2D6EF9771044AEA9008BDA65 /* AboutViewController.m */,
				2D6EF97B1044AEC3008BDA65 /* AboutViewController.xib */,
				2DC5D774101FDD1A00F3E3B1 /* ShareViewController.h */,
				2DC5D775101FDD1A00F3E3B1 /* ShareViewController.m */,
				2DC5D776101FDD1A00F3E3B1 /* ShareViewController.xib */,
				1D3623240D0F684500981E51 /* ShareUrMealAppDelegate.h */,
				1D3623250D0F684500981E51 /* ShareUrMealAppDelegate.m */,
				2D9AC11B101FD6B400BD388D /* BookmarksViewController.xib */,
				2D9AC110101FD61E00BD388D /* BookmarksViewController.h */,
				2D9AC111101FD61E00BD388D /* BookmarksViewController.m */,
				2D9AC113101FD63200BD388D /* RestaurantViewController.h */,
				2D9AC114101FD63200BD388D /* RestaurantViewController.m */,
				2D9AC116101FD63D00BD388D /* RestaurantView.xib */,
			);
			path = Classes;
			sourceTree = "<group>";
		};
		19C28FACFE9D520D11CA2CBB /* Products */ = {
			isa = PBXGroup;
			children = (
				1D6058910D05DD3D006BFB54 /* ShareUrMeal.app */,
				B3B5610510290B1C0034F584 /* ShareUrMeal DBTool.app */,
			);
			name = Products;
			sourceTree = "<group>";
		};
		29B97314FDCFA39411CA2CEA /* CustomTemplate */ = {
			isa = PBXGroup;
			children = (
				080E96DDFE201D6D7F000001 /* Classes */,
				B3B5612010290C5C0034F584 /* DBTool */,
				29B97315FDCFA39411CA2CEA /* Other Sources */,
				29B97317FDCFA39411CA2CEA /* Resources */,
				29B97323FDCFA39411CA2CEA /* Frameworks */,
				19C28FACFE9D520D11CA2CBB /* Products */,
			);
			name = CustomTemplate;
			sourceTree = "<group>";
		};
		29B97315FDCFA39411CA2CEA /* Other Sources */ = {
			isa = PBXGroup;
			children = (
				32CA4F630368D1EE00C91783 /* ShareUrMeal_Prefix.pch */,
				29B97316FDCFA39411CA2CEA /* main.m */,
			);
			name = "Other Sources";
			sourceTree = "<group>";
		};
		29B97317FDCFA39411CA2CEA /* Resources */ = {
			isa = PBXGroup;
			children = (
				B3C21DEF1044BDA900362094 /* about.html */,
				B3B561F410291FE10034F584 /* ShareUrMeal.sqlite */,
				2DB5E4E01044BA8F00A31E0C /* 02-redo.png */,
				2DC5D787101FE10C00F3E3B1 /* 44-shoebox.png */,
				2D6EF9C61044B3B6008BDA65 /* SUMlogofinal.png */,
				2D0790A71044C95B0078096C /* Default3.png */,
				2DC5D788101FE10C00F3E3B1 /* 48-fork-and-knife.png */,
				2D6EF96F1044AD93008BDA65 /* 06-magnifying-glass.png */,
				28C3AD890F43EF2300507BA6 /* ShareUrMeal.xcdatamodel */,
				28AD733E0D9D9553002E5188 /* MainWindow.xib */,
				8D1107310486CEB800E47090 /* ShareUrMeal-Info.plist */,
				2D9AC10A101FD53800BD388D /* all.png */,
				2D9AC10B101FD53800BD388D /* faves.png */,
				2D9AC10C101FD53800BD388D /* search.png */,
			);
			name = Resources;
			sourceTree = "<group>";
		};
		29B97323FDCFA39411CA2CEA /* Frameworks */ = {
			isa = PBXGroup;
			children = (
				B3B56274102925610034F584 /* MessageUI.framework */,
				1DF5F4DF0D08C38300B7A737 /* UIKit.framework */,
				1D30AB110D05D00D00671497 /* Foundation.framework */,
				288765A40DF7441C002DB57D /* CoreGraphics.framework */,
				28D801B30F44B63D00FB423F /* CoreData.framework */,
				B3B56267102924E00034F584 /* CoreLocation.framework */,
			);
			name = Frameworks;
			sourceTree = "<group>";
		};
		B3B5612010290C5C0034F584 /* DBTool */ = {
			isa = PBXGroup;
			children = (
				B3B5612110290C8E0034F584 /* DBTool_Prefix.pch */,
				B3B5612310290C8E0034F584 /* Credits.rtf */,
				B3B5612510290C8E0034F584 /* InfoPlist.strings */,
				B3B5612710290C8E0034F584 /* MainMenu.xib */,
				B3B5612910290C8E0034F584 /* ShareUrMealDocument.xib */,
				B3B5612B10290C8E0034F584 /* ShareUrMeal DBTool-Info.plist */,
				B3B5612C10290C8E0034F584 /* main.m */,
				B3B5612D10290C8E0034F584 /* ShareUrMealDocument.h */,
				B3B5612E10290C8E0034F584 /* ShareUrMealDocument.m */,
				B3B5612F10290C8E0034F584 /* version.plist */,
			);
			path = DBTool;
			sourceTree = "<group>";
		};
		B3B56249102923810034F584 /* Model */ = {
			isa = PBXGroup;
			children = (
				B3B5625A1029248E0034F584 /* Area.h */,
				B3B5625B1029248E0034F584 /* Area.m */,
				B3B5625C1029248E0034F584 /* Post.h */,
				B3B5625D1029248E0034F584 /* Post.m */,
				B3B5625E1029248E0034F584 /* User.h */,
				B3B5625F1029248E0034F584 /* User.m */,
				B3B562601029248E0034F584 /* Restaurant.h */,
				B3B562611029248E0034F584 /* Restaurant.m */,
			);
			name = Model;
			sourceTree = "<group>";
		};
/* End PBXGroup section */

/* Begin PBXNativeTarget section */
		1D6058900D05DD3D006BFB54 /* ShareUrMeal */ = {
			isa = PBXNativeTarget;
			buildConfigurationList = 1D6058960D05DD3E006BFB54 /* Build configuration list for PBXNativeTarget "ShareUrMeal" */;
			buildPhases = (
				1D60588D0D05DD3D006BFB54 /* Resources */,
				1D60588E0D05DD3D006BFB54 /* Sources */,
				1D60588F0D05DD3D006BFB54 /* Frameworks */,
			);
			buildRules = (
			);
			dependencies = (
			);
			name = ShareUrMeal;
			productName = ShareUrMeal;
			productReference = 1D6058910D05DD3D006BFB54 /* ShareUrMeal.app */;
			productType = "com.apple.product-type.application";
		};
		B3B5610410290B1C0034F584 /* ShareUrMeal DBTool */ = {
			isa = PBXNativeTarget;
			buildConfigurationList = B3B5610A10290B1E0034F584 /* Build configuration list for PBXNativeTarget "ShareUrMeal DBTool" */;
			buildPhases = (
				B3B5610110290B1C0034F584 /* Resources */,
				B3B5610210290B1C0034F584 /* Sources */,
				B3B5610310290B1C0034F584 /* Frameworks */,
			);
			buildRules = (
			);
			dependencies = (
			);
			name = "ShareUrMeal DBTool";
			productName = "ShareUrMeal DBTool";
			productReference = B3B5610510290B1C0034F584 /* ShareUrMeal DBTool.app */;
			productType = "com.apple.product-type.application";
		};
/* End PBXNativeTarget section */

/* Begin PBXProject section */
		29B97313FDCFA39411CA2CEA /* Project object */ = {
			isa = PBXProject;
			buildConfigurationList = C01FCF4E08A954540054247B /* Build configuration list for PBXProject "ShareUrMeal" */;
			compatibilityVersion = "Xcode 3.1";
			hasScannedForEncodings = 1;
			mainGroup = 29B97314FDCFA39411CA2CEA /* CustomTemplate */;
			projectDirPath = "";
			projectRoot = "";
			targets = (
				1D6058900D05DD3D006BFB54 /* ShareUrMeal */,
				B3B5610410290B1C0034F584 /* ShareUrMeal DBTool */,
			);
		};
/* End PBXProject section */

/* Begin PBXResourcesBuildPhase section */
		1D60588D0D05DD3D006BFB54 /* Resources */ = {
			isa = PBXResourcesBuildPhase;
			buildActionMask = 2147483647;
			files = (
				28AD733F0D9D9553002E5188 /* MainWindow.xib in Resources */,
				2D9AC10D101FD53800BD388D /* all.png in Resources */,
				2D9AC10E101FD53800BD388D /* faves.png in Resources */,
				2D9AC10F101FD53800BD388D /* search.png in Resources */,
				2D9AC117101FD63D00BD388D /* RestaurantView.xib in Resources */,
				2D9AC11C101FD6B400BD388D /* BookmarksViewController.xib in Resources */,
				2DC5D778101FDD1A00F3E3B1 /* ShareViewController.xib in Resources */,
				2DC5D789101FE10C00F3E3B1 /* 44-shoebox.png in Resources */,
				2DC5D78A101FE10C00F3E3B1 /* 48-fork-and-knife.png in Resources */,
				B3B561F510291FE10034F584 /* ShareUrMeal.sqlite in Resources */,
				2D6EF9701044AD93008BDA65 /* 06-magnifying-glass.png in Resources */,
				2D6EF97C1044AEC3008BDA65 /* AboutViewController.xib in Resources */,
				B3C21DF01044BDA900362094 /* about.html in Resources */,
				2D6EF9C71044B3B6008BDA65 /* SUMlogofinal.png in Resources */,
				2DB5E4E11044BA8F00A31E0C /* 02-redo.png in Resources */,
				2D0790A81044C95B0078096C /* Default3.png in Resources */,
			);
			runOnlyForDeploymentPostprocessing = 0;
		};
		B3B5610110290B1C0034F584 /* Resources */ = {
			isa = PBXResourcesBuildPhase;
			buildActionMask = 2147483647;
			files = (
				B3B5613010290C8E0034F584 /* Credits.rtf in Resources */,
				B3B5613110290C8E0034F584 /* InfoPlist.strings in Resources */,
				B3B5613210290C8E0034F584 /* MainMenu.xib in Resources */,
				B3B5613310290C8E0034F584 /* ShareUrMealDocument.xib in Resources */,
			);
			runOnlyForDeploymentPostprocessing = 0;
		};
/* End PBXResourcesBuildPhase section */

/* Begin PBXSourcesBuildPhase section */
		1D60588E0D05DD3D006BFB54 /* Sources */ = {
			isa = PBXSourcesBuildPhase;
			buildActionMask = 2147483647;
			files = (
				1D60589B0D05DD56006BFB54 /* main.m in Sources */,
				1D3623260D0F684500981E51 /* ShareUrMealAppDelegate.m in Sources */,
				28C3AD8A0F43EF2300507BA6 /* ShareUrMeal.xcdatamodel in Sources */,
				2D9AC112101FD61E00BD388D /* BookmarksViewController.m in Sources */,
				2D9AC115101FD63200BD388D /* RestaurantViewController.m in Sources */,
				2DC5D777101FDD1A00F3E3B1 /* ShareViewController.m in Sources */,
				B3B562621029248E0034F584 /* Area.m in Sources */,
				B3B562631029248E0034F584 /* Post.m in Sources */,
				B3B562641029248E0034F584 /* User.m in Sources */,
				B3B562651029248E0034F584 /* Restaurant.m in Sources */,
				2D6EF9781044AEA9008BDA65 /* AboutViewController.m in Sources */,
			);
			runOnlyForDeploymentPostprocessing = 0;
		};
		B3B5610210290B1C0034F584 /* Sources */ = {
			isa = PBXSourcesBuildPhase;
			buildActionMask = 2147483647;
			files = (
				B3B5614510290E0D0034F584 /* ShareUrMeal.xcdatamodel in Sources */,
				B3B5613510290C8E0034F584 /* main.m in Sources */,
				B3B5613610290C8E0034F584 /* ShareUrMealDocument.m in Sources */,
			);
			runOnlyForDeploymentPostprocessing = 0;
		};
/* End PBXSourcesBuildPhase section */

/* Begin PBXVariantGroup section */
		B3B5612310290C8E0034F584 /* Credits.rtf */ = {
			isa = PBXVariantGroup;
			children = (
				B3B5612410290C8E0034F584 /* English */,
			);
			name = Credits.rtf;
			path = English.lproj;
			sourceTree = "<group>";
		};
		B3B5612510290C8E0034F584 /* InfoPlist.strings */ = {
			isa = PBXVariantGroup;
			children = (
				B3B5612610290C8E0034F584 /* English */,
			);
			name = InfoPlist.strings;
			path = English.lproj;
			sourceTree = "<group>";
		};
		B3B5612710290C8E0034F584 /* MainMenu.xib */ = {
			isa = PBXVariantGroup;
			children = (
				B3B5612810290C8E0034F584 /* English */,
			);
			name = MainMenu.xib;
			path = English.lproj;
			sourceTree = "<group>";
		};
		B3B5612910290C8E0034F584 /* ShareUrMealDocument.xib */ = {
			isa = PBXVariantGroup;
			children = (
				B3B5612A10290C8E0034F584 /* English */,
			);
			name = ShareUrMealDocument.xib;
			path = English.lproj;
			sourceTree = "<group>";
		};
/* End PBXVariantGroup section */

/* Begin XCBuildConfiguration section */
		1D6058940D05DD3E006BFB54 /* Debug */ = {
			isa = XCBuildConfiguration;
			buildSettings = {
				ALWAYS_SEARCH_USER_PATHS = NO;
				COPY_PHASE_STRIP = NO;
				FRAMEWORK_SEARCH_PATHS = (
					"$(inherited)",
					"\"/Volumes/Skiiing2/CD/ViewBased/Unknown Path/System/Library/Frameworks\"",
				);
				GCC_DYNAMIC_NO_PIC = NO;
				GCC_OPTIMIZATION_LEVEL = 0;
				GCC_PRECOMPILE_PREFIX_HEADER = YES;
				GCC_PREFIX_HEADER = ShareUrMeal_Prefix.pch;
				INFOPLIST_FILE = "ShareUrMeal-Info.plist";
				PRODUCT_NAME = ShareUrMeal;
			};
			name = Debug;
		};
		1D6058950D05DD3E006BFB54 /* Release */ = {
			isa = XCBuildConfiguration;
			buildSettings = {
				ALWAYS_SEARCH_USER_PATHS = NO;
				COPY_PHASE_STRIP = YES;
				FRAMEWORK_SEARCH_PATHS = (
					"$(inherited)",
					"\"/Volumes/Skiiing2/CD/ViewBased/Unknown Path/System/Library/Frameworks\"",
				);
				GCC_PRECOMPILE_PREFIX_HEADER = YES;
				GCC_PREFIX_HEADER = ShareUrMeal_Prefix.pch;
				INFOPLIST_FILE = "ShareUrMeal-Info.plist";
				PRODUCT_NAME = ShareUrMeal;
			};
			name = Release;
		};
		B3B5610810290B1D0034F584 /* Debug */ = {
			isa = XCBuildConfiguration;
			buildSettings = {
				ALWAYS_SEARCH_USER_PATHS = NO;
				COPY_PHASE_STRIP = NO;
				GCC_DYNAMIC_NO_PIC = NO;
				GCC_ENABLE_FIX_AND_CONTINUE = YES;
				GCC_MODEL_TUNING = G5;
				GCC_OPTIMIZATION_LEVEL = 0;
				GCC_PRECOMPILE_PREFIX_HEADER = YES;
				GCC_PREFIX_HEADER = DBTool/DBTool_Prefix.pch;
				INFOPLIST_FILE = "DBTool/ShareUrMeal DBTool-Info.plist";
				INSTALL_PATH = "$(HOME)/Applications";
				OTHER_LDFLAGS = (
					"-framework",
					Foundation,
					"-framework",
					AppKit,
				);
				PREBINDING = NO;
				PRODUCT_NAME = "ShareUrMeal DBTool";
				SDKROOT = macosx10.5;
			};
			name = Debug;
		};
		B3B5610910290B1D0034F584 /* Release */ = {
			isa = XCBuildConfiguration;
			buildSettings = {
				ALWAYS_SEARCH_USER_PATHS = NO;
				COPY_PHASE_STRIP = YES;
				DEBUG_INFORMATION_FORMAT = "dwarf-with-dsym";
				GCC_ENABLE_FIX_AND_CONTINUE = NO;
				GCC_MODEL_TUNING = G5;
				GCC_PRECOMPILE_PREFIX_HEADER = YES;
				GCC_PREFIX_HEADER = DBTool/DBTool_Prefix.pch;
				INFOPLIST_FILE = "DBTool/ShareUrMeal DBTool-Info.plist";
				INSTALL_PATH = "$(HOME)/Applications";
				OTHER_LDFLAGS = (
					"-framework",
					Foundation,
					"-framework",
					AppKit,
				);
				PREBINDING = NO;
				PRODUCT_NAME = "ShareUrMeal DBTool";
				ZERO_LINK = NO;
			};
			name = Release;
		};
		C01FCF4F08A954540054247B /* Debug */ = {
			isa = XCBuildConfiguration;
			buildSettings = {
				ARCHS = "$(ARCHS_STANDARD_32_BIT)";
				"CODE_SIGN_IDENTITY[sdk=iphoneos*]" = "iPhone Developer";
				GCC_C_LANGUAGE_STANDARD = c99;
				GCC_WARN_ABOUT_RETURN_TYPE = YES;
				GCC_WARN_UNUSED_VARIABLE = YES;
				PREBINDING = NO;
				SDKROOT = iphoneos3.0;
			};
			name = Debug;
		};
		C01FCF5008A954540054247B /* Release */ = {
			isa = XCBuildConfiguration;
			buildSettings = {
				ARCHS = "$(ARCHS_STANDARD_32_BIT)";
				"CODE_SIGN_IDENTITY[sdk=iphoneos*]" = "iPhone Developer";
				GCC_C_LANGUAGE_STANDARD = c99;
				GCC_WARN_ABOUT_RETURN_TYPE = YES;
				GCC_WARN_UNUSED_VARIABLE = YES;
				PREBINDING = NO;
				SDKROOT = iphoneos3.0;
			};
			name = Release;
		};
/* End XCBuildConfiguration section */

/* Begin XCConfigurationList section */
		1D6058960D05DD3E006BFB54 /* Build configuration list for PBXNativeTarget "ShareUrMeal" */ = {
			isa = XCConfigurationList;
			buildConfigurations = (
				1D6058940D05DD3E006BFB54 /* Debug */,
				1D6058950D05DD3E006BFB54 /* Release */,
			);
			defaultConfigurationIsVisible = 0;
			defaultConfigurationName = Release;
		};
		B3B5610A10290B1E0034F584 /* Build configuration list for PBXNativeTarget "ShareUrMeal DBTool" */ = {
			isa = XCConfigurationList;
			buildConfigurations = (
				B3B5610810290B1D0034F584 /* Debug */,
				B3B5610910290B1D0034F584 /* Release */,
			);
			defaultConfigurationIsVisible = 0;
			defaultConfigurationName = Release;
		};
		C01FCF4E08A954540054247B /* Build configuration list for PBXProject "ShareUrMeal" */ = {
			isa = XCConfigurationList;
			buildConfigurations = (
				C01FCF4F08A954540054247B /* Debug */,
				C01FCF5008A954540054247B /* Release */,
			);
			defaultConfigurationIsVisible = 0;
			defaultConfigurationName = Release;
		};
/* End XCConfigurationList section */
	};
	rootObject = 29B97313FDCFA39411CA2CEA /* Project object */;
}
